PODS:
  - CoreDataPersistence (0.1.1)
  - Google-Mobile-Ads-SDK (7.24.1)
  - LaughingAdventure (0.9.0):
    - LaughingAdventure/Core (= 0.9.0)
  - LaughingAdventure/Core (0.9.0):
    - CoreDataPersistence (= 0.1.1)
  - LaughingAdventure/Logging (0.9.0)
  - LaughingAdventure/Purchase (0.9.0):
    - LaughingAdventure/Logging
  - Locksmith (4.0.0)
  - SpriteKitUI/Core (0.4.0)
  - SpriteKitUI/iOS (0.4.0):
    - SpriteKitUI/Core
  - SpriteKitUI/macOS (0.4.0):
    - SpriteKitUI/Core
  - SWLogger (0.3.1)

DEPENDENCIES:
  - Google-Mobile-Ads-SDK (= 7.24.1)
  - LaughingAdventure (from `https://github.com/coodly/laughing-adventure.git`, tag `0.9.0`)
  - LaughingAdventure/Purchase (from `https://github.com/coodly/laughing-adventure.git`, tag `0.9.0`)
  - Locksmith (= 4.0.0)
  - SpriteKitUI/iOS (from `git@github.com:coodly/SpriteKitUI.git`, tag `0.4.0`)
  - SpriteKitUI/macOS (from `git@github.com:coodly/SpriteKitUI.git`, tag `0.4.0`)
  - SWLogger (from `git@github.com:coodly/swlogger.git`, tag `0.3.1`)

EXTERNAL SOURCES:
  LaughingAdventure:
    :git: https://github.com/coodly/laughing-adventure.git
    :tag: 0.9.0
  SpriteKitUI:
    :git: git@github.com:coodly/SpriteKitUI.git
    :tag: 0.4.0
  SWLogger:
    :git: git@github.com:coodly/swlogger.git
    :tag: 0.3.1

CHECKOUT OPTIONS:
  LaughingAdventure:
    :git: https://github.com/coodly/laughing-adventure.git
    :tag: 0.9.0
  SpriteKitUI:
    :git: git@github.com:coodly/SpriteKitUI.git
    :tag: 0.4.0
  SWLogger:
    :git: git@github.com:coodly/swlogger.git
    :tag: 0.3.1

SPEC CHECKSUMS:
  CoreDataPersistence: 9c8d8bb4b2d2eab7f2d7b7787fd9b90c5a8eb3b9
  Google-Mobile-Ads-SDK: ed8004a7265b424568dc84f3d2bbe3ea3fff958f
  LaughingAdventure: d03ec90f9d6ee104e6363a9e07c382b564de591d
  Locksmith: e9bebbaaa4cee3c511bc358a44f843c3fe00e21f
  SpriteKitUI: c2fced7bf2fad2b658deea5ea43b3491f89dba54
  SWLogger: 333135cadd381962c3667f5af500f7ae140c74a4

PODFILE CHECKSUM: 8446441f0ba9533df94e26cef07750eb9e62f476

COCOAPODS: 1.3.1
