PODS:
  - Crashlytics (3.7.1):
    - Fabric (~> 1.6.3)
  - Fabric (1.6.7)
  - GameKit (0.1.0)
  - SWLogger (0.1.0)

DEPENDENCIES:
  - Crashlytics
  - Fabric
  - GameKit (from `git@github.com:coodly/GameKit.git`)
  - SWLogger (from `git@github.com:coodly/swlogger.git`)

EXTERNAL SOURCES:
  GameKit:
    :git: git@github.com:coodly/GameKit.git
  SWLogger:
    :git: git@github.com:coodly/swlogger.git

CHECKOUT OPTIONS:
  GameKit:
    :commit: db8d0db05ddbb08f8cfd2fb49d7cc96ef71f2d81
    :git: git@github.com:coodly/GameKit.git
  SWLogger:
    :commit: 779d812c91f5fa99157e2aec5a4a19cfdc214449
    :git: git@github.com:coodly/swlogger.git

SPEC CHECKSUMS:
  Crashlytics: 3cdd4c9655be68032a0cf0379e0fb5ef6af22cad
  Fabric: caf7580c725e64db144f610ac65cd60956911dc7
  GameKit: ddf76177b7f08ffe92c4e81b2b8c6f5ba94345ca
  SWLogger: 32758d2926ab91ad26a52ccaf67a7b62c83772d4

PODFILE CHECKSUM: 57035e9f5c6c88b5ab21ba36ea59a31cb7378c1b

COCOAPODS: 1.0.1
