// !$*UTF8*$!
{
	archiveVersion = 1;
	classes = {
	};
	objectVersion = 54;
	objects = {

/* Begin PBXBuildFile section */
		A71A97451E48CCA4005E134F /* AppDelegate.swift in Sources */ = {isa = PBXBuildFile; fileRef = A71A97441E48CCA4005E134F /* AppDelegate.swift */; };
		A71A974A1E48CCA4005E134F /* Main.storyboard in Resources */ = {isa = PBXBuildFile; fileRef = A71A97481E48CCA4005E134F /* Main.storyboard */; };
		A71A97631E48CCA4005E134F /* Assets.xcassets in Resources */ = {isa = PBXBuildFile; fileRef = A71A973C1E48CCA4005E134F /* Assets.xcassets */; };
		A748DC3B1E57375800F16F92 /* LaunchView.xib in Resources */ = {isa = PBXBuildFile; fileRef = A748DC3A1E57375800F16F92 /* LaunchView.xib */; };
		A75BE51524AB7A5700D0AEB4 /* AppDelegate.swift in Sources */ = {isa = PBXBuildFile; fileRef = A75BE51424AB7A5700D0AEB4 /* AppDelegate.swift */; };
		A75BE51C24AB7A5700D0AEB4 /* Main.storyboard in Resources */ = {isa = PBXBuildFile; fileRef = A75BE51A24AB7A5700D0AEB4 /* Main.storyboard */; };
		A75BE52F24AB803B00D0AEB4 /* Secrets.swift in Sources */ = {isa = PBXBuildFile; fileRef = A787134A1E5CA743002DEF76 /* Secrets.swift */; };
		A75BE55D24AB81A200D0AEB4 /* FeedbackService.swift in Sources */ = {isa = PBXBuildFile; fileRef = A75BE55C24AB81A200D0AEB4 /* FeedbackService.swift */; };
		A75BE56524AB849800D0AEB4 /* CloudKit.framework in Frameworks */ = {isa = PBXBuildFile; fileRef = A75BE56424AB849800D0AEB4 /* CloudKit.framework */; };
		A75BE56824AB89D500D0AEB4 /* Assets.xcassets in Resources */ = {isa = PBXBuildFile; fileRef = A71A973C1E48CCA4005E134F /* Assets.xcassets */; };
		A75BE56A24AB89FB00D0AEB4 /* LaunchView.xib in Resources */ = {isa = PBXBuildFile; fileRef = A748DC3A1E57375800F16F92 /* LaunchView.xib */; };
		A787134C1E5CA743002DEF76 /* Secrets.swift in Sources */ = {isa = PBXBuildFile; fileRef = A787134A1E5CA743002DEF76 /* Secrets.swift */; };
		A797BD712483808F00A6E27D /* GoogleService-Info.plist in Resources */ = {isa = PBXBuildFile; fileRef = A797BD702483808F00A6E27D /* GoogleService-Info.plist */; };
		A7D5BA511E5DE63A003333A9 /* CloudKit.framework in Frameworks */ = {isa = PBXBuildFile; fileRef = A7D5BA501E5DE63A003333A9 /* CloudKit.framework */; };
		EA4E216C26425485000F3963 /* Save in Frameworks */ = {isa = PBXBuildFile; productRef = EA4E216B26425485000F3963 /* Save */; };
		EA6EC3DB27C005BD00A56B9E /* AppPackages in Frameworks */ = {isa = PBXBuildFile; productRef = EA6EC3DA27C005BD00A56B9E /* AppPackages */; };
		EA6EC3DD27C0AF1300A56B9E /* AppPackages in Frameworks */ = {isa = PBXBuildFile; productRef = EA6EC3DC27C0AF1300A56B9E /* AppPackages */; };
		EA6EC3E127C0B8AB00A56B9E /* MobilePackages in Frameworks */ = {isa = PBXBuildFile; productRef = EA6EC3E027C0B8AB00A56B9E /* MobilePackages */; };
		EA6EC3E327C0B8B700A56B9E /* DesktopPackages in Frameworks */ = {isa = PBXBuildFile; productRef = EA6EC3E227C0B8B700A56B9E /* DesktopPackages */; };
		EA9D680C263E769400E8E909 /* Play in Frameworks */ = {isa = PBXBuildFile; productRef = EA9D680B263E769400E8E909 /* Play */; };
		EABB3CDE263439E100FC1391 /* Logging in Frameworks */ = {isa = PBXBuildFile; productRef = EABB3CDD263439E100FC1391 /* Logging */; };
		EABB3CE0263439E600FC1391 /* Config in Frameworks */ = {isa = PBXBuildFile; productRef = EABB3CDF263439E600FC1391 /* Config */; };
		EAF0D2732644F68A0008410D /* RandomLines in Frameworks */ = {isa = PBXBuildFile; productRef = EAF0D2722644F68A0008410D /* RandomLines */; };
		EAF0D2812644FE2D0008410D /* Logging in Frameworks */ = {isa = PBXBuildFile; productRef = EAF0D2802644FE2D0008410D /* Logging */; };
		EAF0D2832644FE5D0008410D /* Play in Frameworks */ = {isa = PBXBuildFile; productRef = EAF0D2822644FE5D0008410D /* Play */; };
		EAF0D2852644FE650008410D /* RandomLines in Frameworks */ = {isa = PBXBuildFile; productRef = EAF0D2842644FE650008410D /* RandomLines */; };
/* End PBXBuildFile section */

/* Begin PBXFileReference section */
		A71A973C1E48CCA4005E134F /* Assets.xcassets */ = {isa = PBXFileReference; lastKnownFileType = folder.assetcatalog; path = Assets.xcassets; sourceTree = "<group>"; };
		A71A97411E48CCA4005E134F /* TenPair.app */ = {isa = PBXFileReference; explicitFileType = wrapper.application; includeInIndex = 0; path = TenPair.app; sourceTree = BUILT_PRODUCTS_DIR; };
		A71A97441E48CCA4005E134F /* AppDelegate.swift */ = {isa = PBXFileReference; lastKnownFileType = sourcecode.swift; path = AppDelegate.swift; sourceTree = "<group>"; };
		A71A97491E48CCA4005E134F /* Base */ = {isa = PBXFileReference; lastKnownFileType = file.storyboard; name = Base; path = Base.lproj/Main.storyboard; sourceTree = "<group>"; };
		A71A974E1E48CCA4005E134F /* Info.plist */ = {isa = PBXFileReference; lastKnownFileType = text.plist.xml; path = Info.plist; sourceTree = "<group>"; };
		A748DC3A1E57375800F16F92 /* LaunchView.xib */ = {isa = PBXFileReference; fileEncoding = 4; lastKnownFileType = file.xib; path = LaunchView.xib; sourceTree = "<group>"; };
		A75BE51224AB7A5700D0AEB4 /* TenPair.app */ = {isa = PBXFileReference; explicitFileType = wrapper.application; includeInIndex = 0; path = TenPair.app; sourceTree = BUILT_PRODUCTS_DIR; };
		A75BE51424AB7A5700D0AEB4 /* AppDelegate.swift */ = {isa = PBXFileReference; lastKnownFileType = sourcecode.swift; path = AppDelegate.swift; sourceTree = "<group>"; };
		A75BE51B24AB7A5700D0AEB4 /* Base */ = {isa = PBXFileReference; lastKnownFileType = file.storyboard; name = Base; path = Base.lproj/Main.storyboard; sourceTree = "<group>"; };
		A75BE52224AB7A5B00D0AEB4 /* Info.plist */ = {isa = PBXFileReference; lastKnownFileType = text.plist.xml; path = Info.plist; sourceTree = "<group>"; };
		A75BE52624AB7A6000D0AEB4 /* Catalyst.entitlements */ = {isa = PBXFileReference; lastKnownFileType = text.plist.entitlements; path = Catalyst.entitlements; sourceTree = "<group>"; };
		A75BE55C24AB81A200D0AEB4 /* FeedbackService.swift */ = {isa = PBXFileReference; lastKnownFileType = sourcecode.swift; path = FeedbackService.swift; sourceTree = "<group>"; };
		A75BE56424AB849800D0AEB4 /* CloudKit.framework */ = {isa = PBXFileReference; lastKnownFileType = wrapper.framework; name = CloudKit.framework; path = Platforms/iPhoneOS.platform/Developer/SDKs/iPhoneOS13.5.sdk/System/Library/Frameworks/CloudKit.framework; sourceTree = DEVELOPER_DIR; };
		A75E8CDE25700FC800CCB8DC /* Appfile */ = {isa = PBXFileReference; lastKnownFileType = text; path = Appfile; sourceTree = "<group>"; };
		A75E8CDF25700FC800CCB8DC /* Fastfile */ = {isa = PBXFileReference; lastKnownFileType = text; path = Fastfile; sourceTree = "<group>"; };
		A75E8CE125700FC800CCB8DC /* 965FUXH96J.json */ = {isa = PBXFileReference; lastKnownFileType = text.json; path = 965FUXH96J.json; sourceTree = "<group>"; };
		A787134A1E5CA743002DEF76 /* Secrets.swift */ = {isa = PBXFileReference; fileEncoding = 4; lastKnownFileType = sourcecode.swift; path = Secrets.swift; sourceTree = "<group>"; };
		A78FA2EC1E5C145C002DB0AF /* TenPair.entitlements */ = {isa = PBXFileReference; lastKnownFileType = text.plist.entitlements; path = TenPair.entitlements; sourceTree = "<group>"; };
		A797BD702483808F00A6E27D /* GoogleService-Info.plist */ = {isa = PBXFileReference; fileEncoding = 4; lastKnownFileType = text.plist.xml; path = "GoogleService-Info.plist"; sourceTree = "<group>"; };
		A7D5BA501E5DE63A003333A9 /* CloudKit.framework */ = {isa = PBXFileReference; lastKnownFileType = wrapper.framework; name = CloudKit.framework; path = Platforms/iPhoneOS.platform/Developer/SDKs/iPhoneOS10.2.sdk/System/Library/Frameworks/CloudKit.framework; sourceTree = DEVELOPER_DIR; };
		EABB3CD82633D24E00FC1391 /* TenPair */ = {isa = PBXFileReference; lastKnownFileType = folder; path = TenPair; sourceTree = "<group>"; };
/* End PBXFileReference section */

/* Begin PBXFrameworksBuildPhase section */
		A71A973E1E48CCA4005E134F /* Frameworks */ = {
			isa = PBXFrameworksBuildPhase;
			buildActionMask = 2147483647;
			files = (
				EA6EC3DB27C005BD00A56B9E /* AppPackages in Frameworks */,
				A7D5BA511E5DE63A003333A9 /* CloudKit.framework in Frameworks */,
				EA4E216C26425485000F3963 /* Save in Frameworks */,
				EABB3CDE263439E100FC1391 /* Logging in Frameworks */,
				EABB3CE0263439E600FC1391 /* Config in Frameworks */,
				EA6EC3E127C0B8AB00A56B9E /* MobilePackages in Frameworks */,
				EA9D680C263E769400E8E909 /* Play in Frameworks */,
				EAF0D2732644F68A0008410D /* RandomLines in Frameworks */,
			);
			runOnlyForDeploymentPostprocessing = 0;
		};
		A75BE50F24AB7A5700D0AEB4 /* Frameworks */ = {
			isa = PBXFrameworksBuildPhase;
			buildActionMask = 2147483647;
			files = (
				EAF0D2812644FE2D0008410D /* Logging in Frameworks */,
				EA6EC3DD27C0AF1300A56B9E /* AppPackages in Frameworks */,
				EA6EC3E327C0B8B700A56B9E /* DesktopPackages in Frameworks */,
				EAF0D2852644FE650008410D /* RandomLines in Frameworks */,
				EAF0D2832644FE5D0008410D /* Play in Frameworks */,
				A75BE56524AB849800D0AEB4 /* CloudKit.framework in Frameworks */,
			);
			runOnlyForDeploymentPostprocessing = 0;
		};
/* End PBXFrameworksBuildPhase section */

/* Begin PBXGroup section */
		3A55CE60C2DA1BC33147E445 /* Frameworks */ = {
			isa = PBXGroup;
			children = (
				A75BE56424AB849800D0AEB4 /* CloudKit.framework */,
				A7D5BA501E5DE63A003333A9 /* CloudKit.framework */,
			);
			name = Frameworks;
			sourceTree = "<group>";
		};
		A71A97331E48CCA4005E134F = {
			isa = PBXGroup;
			children = (
				EABB3CD82633D24E00FC1391 /* TenPair */,
				A75E8CDD25700FC800CCB8DC /* fastlane */,
				A71A97381E48CCA4005E134F /* Shared */,
				A71A97431E48CCA4005E134F /* iOS */,
				A75BE51324AB7A5700D0AEB4 /* Catalyst */,
				A71A97421E48CCA4005E134F /* Products */,
				3A55CE60C2DA1BC33147E445 /* Frameworks */,
			);
			sourceTree = "<group>";
		};
		A71A97381E48CCA4005E134F /* Shared */ = {
			isa = PBXGroup;
			children = (
				A75BE56924AB89E700D0AEB4 /* Launch */,
				A71A973C1E48CCA4005E134F /* Assets.xcassets */,
				A787134A1E5CA743002DEF76 /* Secrets.swift */,
			);
			path = Shared;
			sourceTree = "<group>";
		};
		A71A97421E48CCA4005E134F /* Products */ = {
			isa = PBXGroup;
			children = (
				A71A97411E48CCA4005E134F /* TenPair.app */,
				A75BE51224AB7A5700D0AEB4 /* TenPair.app */,
			);
			name = Products;
			sourceTree = "<group>";
		};
		A71A97431E48CCA4005E134F /* iOS */ = {
			isa = PBXGroup;
			children = (
				A797BD6F2483803F00A6E27D /* Secrets */,
				A71A97441E48CCA4005E134F /* AppDelegate.swift */,
				A71A974E1E48CCA4005E134F /* Info.plist */,
				A71A97481E48CCA4005E134F /* Main.storyboard */,
				A78FA2EC1E5C145C002DB0AF /* TenPair.entitlements */,
			);
			path = iOS;
			sourceTree = "<group>";
		};
		A75BE51324AB7A5700D0AEB4 /* Catalyst */ = {
			isa = PBXGroup;
			children = (
				A75BE52624AB7A6000D0AEB4 /* Catalyst.entitlements */,
				A75BE51424AB7A5700D0AEB4 /* AppDelegate.swift */,
				A75BE51A24AB7A5700D0AEB4 /* Main.storyboard */,
				A75BE52224AB7A5B00D0AEB4 /* Info.plist */,
				A75BE55C24AB81A200D0AEB4 /* FeedbackService.swift */,
			);
			path = Catalyst;
			sourceTree = "<group>";
		};
		A75BE56924AB89E700D0AEB4 /* Launch */ = {
			isa = PBXGroup;
			children = (
				A748DC3A1E57375800F16F92 /* LaunchView.xib */,
			);
			path = Launch;
			sourceTree = "<group>";
		};
		A75E8CDD25700FC800CCB8DC /* fastlane */ = {
			isa = PBXGroup;
			children = (
				A75E8CDE25700FC800CCB8DC /* Appfile */,
				A75E8CDF25700FC800CCB8DC /* Fastfile */,
				A75E8CE125700FC800CCB8DC /* 965FUXH96J.json */,
			);
			path = fastlane;
			sourceTree = "<group>";
		};
		A797BD6F2483803F00A6E27D /* Secrets */ = {
			isa = PBXGroup;
			children = (
				A797BD702483808F00A6E27D /* GoogleService-Info.plist */,
			);
			path = Secrets;
			sourceTree = "<group>";
		};
/* End PBXGroup section */

/* Begin PBXNativeTarget section */
		A71A97401E48CCA4005E134F /* iOS */ = {
			isa = PBXNativeTarget;
			buildConfigurationList = A71A97671E48CCA4005E134F /* Build configuration list for PBXNativeTarget "iOS" */;
			buildPhases = (
				A777FA8C1E50CD9D003E62D7 /* Check localization */,
				A7419E242570D53300D4C064 /* Generate L10n */,
				A71A973D1E48CCA4005E134F /* Sources */,
				A71A973E1E48CCA4005E134F /* Frameworks */,
				A71A973F1E48CCA4005E134F /* Resources */,
			);
			buildRules = (
			);
			dependencies = (
			);
			name = iOS;
			packageProductDependencies = (
				EABB3CDD263439E100FC1391 /* Logging */,
				EABB3CDF263439E600FC1391 /* Config */,
				EA9D680B263E769400E8E909 /* Play */,
				EA4E216B26425485000F3963 /* Save */,
				EAF0D2722644F68A0008410D /* RandomLines */,
				EA6EC3DA27C005BD00A56B9E /* AppPackages */,
				EA6EC3E027C0B8AB00A56B9E /* MobilePackages */,
			);
			productName = iOS;
			productReference = A71A97411E48CCA4005E134F /* TenPair.app */;
			productType = "com.apple.product-type.application";
		};
		A75BE51124AB7A5700D0AEB4 /* Catalyst */ = {
			isa = PBXNativeTarget;
			buildConfigurationList = A75BE52524AB7A5B00D0AEB4 /* Build configuration list for PBXNativeTarget "Catalyst" */;
			buildPhases = (
				A75BE50E24AB7A5700D0AEB4 /* Sources */,
				A75BE50F24AB7A5700D0AEB4 /* Frameworks */,
				A75BE51024AB7A5700D0AEB4 /* Resources */,
			);
			buildRules = (
			);
			dependencies = (
			);
			name = Catalyst;
			packageProductDependencies = (
				EAF0D2802644FE2D0008410D /* Logging */,
				EAF0D2822644FE5D0008410D /* Play */,
				EAF0D2842644FE650008410D /* RandomLines */,
				EA6EC3DC27C0AF1300A56B9E /* AppPackages */,
				EA6EC3E227C0B8B700A56B9E /* DesktopPackages */,
			);
			productName = Catalyst;
			productReference = A75BE51224AB7A5700D0AEB4 /* TenPair.app */;
			productType = "com.apple.product-type.application";
		};
/* End PBXNativeTarget section */

/* Begin PBXProject section */
		A71A97341E48CCA4005E134F /* Project object */ = {
			isa = PBXProject;
			attributes = {
				BuildIndependentTargetsInParallel = YES;
				LastSwiftUpdateCheck = 1150;
				LastUpgradeCheck = 1500;
				ORGANIZATIONNAME = "Coodly LLC";
				TargetAttributes = {
					A71A97401E48CCA4005E134F = {
						CreatedOnToolsVersion = 8.3;
						DevelopmentTeam = 5T8DRBFCBP;
						LastSwiftMigration = 1140;
						ProvisioningStyle = Automatic;
						SystemCapabilities = {
							com.apple.Push = {
								enabled = 1;
							};
							com.apple.iCloud = {
								enabled = 1;
							};
						};
					};
					A75BE51124AB7A5700D0AEB4 = {
						CreatedOnToolsVersion = 11.5;
						DevelopmentTeam = 5T8DRBFCBP;
						ProvisioningStyle = Automatic;
					};
				};
			};
			buildConfigurationList = A71A97371E48CCA4005E134F /* Build configuration list for PBXProject "TenPair" */;
			compatibilityVersion = "Xcode 3.2";
			developmentRegion = en;
			hasScannedForEncodings = 0;
			knownRegions = (
				en,
				Base,
			);
			mainGroup = A71A97331E48CCA4005E134F;
			productRefGroup = A71A97421E48CCA4005E134F /* Products */;
			projectDirPath = "";
			projectRoot = "";
			targets = (
				A71A97401E48CCA4005E134F /* iOS */,
				A75BE51124AB7A5700D0AEB4 /* Catalyst */,
			);
		};
/* End PBXProject section */

/* Begin PBXResourcesBuildPhase section */
		A71A973F1E48CCA4005E134F /* Resources */ = {
			isa = PBXResourcesBuildPhase;
			buildActionMask = 2147483647;
			files = (
				A71A974A1E48CCA4005E134F /* Main.storyboard in Resources */,
				A748DC3B1E57375800F16F92 /* LaunchView.xib in Resources */,
				A71A97631E48CCA4005E134F /* Assets.xcassets in Resources */,
				A797BD712483808F00A6E27D /* GoogleService-Info.plist in Resources */,
			);
			runOnlyForDeploymentPostprocessing = 0;
		};
		A75BE51024AB7A5700D0AEB4 /* Resources */ = {
			isa = PBXResourcesBuildPhase;
			buildActionMask = 2147483647;
			files = (
				A75BE56A24AB89FB00D0AEB4 /* LaunchView.xib in Resources */,
				A75BE56824AB89D500D0AEB4 /* Assets.xcassets in Resources */,
				A75BE51C24AB7A5700D0AEB4 /* Main.storyboard in Resources */,
			);
			runOnlyForDeploymentPostprocessing = 0;
		};
/* End PBXResourcesBuildPhase section */

/* Begin PBXShellScriptBuildPhase section */
		A7419E242570D53300D4C064 /* Generate L10n */ = {
			isa = PBXShellScriptBuildPhase;
			buildActionMask = 2147483647;
			files = (
			);
			inputFileListPaths = (
			);
			inputPaths = (
			);
			name = "Generate L10n";
			outputFileListPaths = (
			);
			outputPaths = (
			);
			runOnlyForDeploymentPostprocessing = 0;
			shellPath = /bin/sh;
			shellScript = "# Type a script or drag a script file from your workspace to insert its path.\n/opt/homebrew/bin/swiftgen\n";
		};
		A777FA8C1E50CD9D003E62D7 /* Check localization */ = {
			isa = PBXShellScriptBuildPhase;
			buildActionMask = 2147483647;
			files = (
			);
			inputFileListPaths = (
			);
			inputPaths = (
				"$(SRCROOT)/TenPair/Sources/Localization/Resources/en.lproj/Localizable.strings ",
			);
			name = "Check localization";
			outputPaths = (
			);
			runOnlyForDeploymentPostprocessing = 0;
			shellPath = /bin/sh;
			shellScript = "#/usr/bin/env xcrun --sdk macosx swift scripts/CheckLocalization.swift Shared/\nruby scripts/check_localizable.rb TenPair/Sources/Localization/Resources\n";
		};
/* End PBXShellScriptBuildPhase section */

/* Begin PBXSourcesBuildPhase section */
		A71A973D1E48CCA4005E134F /* Sources */ = {
			isa = PBXSourcesBuildPhase;
			buildActionMask = 2147483647;
			files = (
				A71A97451E48CCA4005E134F /* AppDelegate.swift in Sources */,
				A787134C1E5CA743002DEF76 /* Secrets.swift in Sources */,
			);
			runOnlyForDeploymentPostprocessing = 0;
		};
		A75BE50E24AB7A5700D0AEB4 /* Sources */ = {
			isa = PBXSourcesBuildPhase;
			buildActionMask = 2147483647;
			files = (
				A75BE55D24AB81A200D0AEB4 /* FeedbackService.swift in Sources */,
				A75BE51524AB7A5700D0AEB4 /* AppDelegate.swift in Sources */,
				A75BE52F24AB803B00D0AEB4 /* Secrets.swift in Sources */,
			);
			runOnlyForDeploymentPostprocessing = 0;
		};
/* End PBXSourcesBuildPhase section */

/* Begin PBXVariantGroup section */
		A71A97481E48CCA4005E134F /* Main.storyboard */ = {
			isa = PBXVariantGroup;
			children = (
				A71A97491E48CCA4005E134F /* Base */,
			);
			name = Main.storyboard;
			sourceTree = "<group>";
		};
		A75BE51A24AB7A5700D0AEB4 /* Main.storyboard */ = {
			isa = PBXVariantGroup;
			children = (
				A75BE51B24AB7A5700D0AEB4 /* Base */,
			);
			name = Main.storyboard;
			sourceTree = "<group>";
		};
/* End PBXVariantGroup section */

/* Begin XCBuildConfiguration section */
		A71A97651E48CCA4005E134F /* Debug */ = {
			isa = XCBuildConfiguration;
			buildSettings = {
				ALWAYS_SEARCH_USER_PATHS = NO;
				CLANG_ANALYZER_LOCALIZABILITY_NONLOCALIZED = YES;
				CLANG_ANALYZER_NONNULL = YES;
				CLANG_ANALYZER_NUMBER_OBJECT_CONVERSION = YES_AGGRESSIVE;
				CLANG_CXX_LANGUAGE_STANDARD = "gnu++0x";
				CLANG_CXX_LIBRARY = "libc++";
				CLANG_ENABLE_MODULES = YES;
				CLANG_ENABLE_OBJC_ARC = YES;
				CLANG_WARN_BLOCK_CAPTURE_AUTORELEASING = YES;
				CLANG_WARN_BOOL_CONVERSION = YES;
				CLANG_WARN_COMMA = YES;
				CLANG_WARN_CONSTANT_CONVERSION = YES;
				CLANG_WARN_DEPRECATED_OBJC_IMPLEMENTATIONS = YES;
				CLANG_WARN_DIRECT_OBJC_ISA_USAGE = YES_ERROR;
				CLANG_WARN_DOCUMENTATION_COMMENTS = YES;
				CLANG_WARN_EMPTY_BODY = YES;
				CLANG_WARN_ENUM_CONVERSION = YES;
				CLANG_WARN_INFINITE_RECURSION = YES;
				CLANG_WARN_INT_CONVERSION = YES;
				CLANG_WARN_NON_LITERAL_NULL_CONVERSION = YES;
				CLANG_WARN_OBJC_IMPLICIT_RETAIN_SELF = YES;
				CLANG_WARN_OBJC_LITERAL_CONVERSION = YES;
				CLANG_WARN_OBJC_ROOT_CLASS = YES_ERROR;
				CLANG_WARN_QUOTED_INCLUDE_IN_FRAMEWORK_HEADER = YES;
				CLANG_WARN_RANGE_LOOP_ANALYSIS = YES;
				CLANG_WARN_STRICT_PROTOTYPES = YES;
				CLANG_WARN_SUSPICIOUS_MOVE = YES;
				CLANG_WARN_UNREACHABLE_CODE = YES;
				CLANG_WARN__DUPLICATE_METHOD_MATCH = YES;
				COPY_PHASE_STRIP = NO;
				DEAD_CODE_STRIPPING = YES;
				DEBUG_INFORMATION_FORMAT = dwarf;
				ENABLE_STRICT_OBJC_MSGSEND = YES;
				ENABLE_TESTABILITY = YES;
				ENABLE_USER_SCRIPT_SANDBOXING = YES;
				GCC_C_LANGUAGE_STANDARD = gnu99;
				GCC_DYNAMIC_NO_PIC = NO;
				GCC_NO_COMMON_BLOCKS = YES;
				GCC_OPTIMIZATION_LEVEL = 0;
				GCC_PREPROCESSOR_DEFINITIONS = (
					"DEBUG=1",
					"$(inherited)",
				);
				GCC_WARN_64_TO_32_BIT_CONVERSION = YES;
				GCC_WARN_ABOUT_RETURN_TYPE = YES_ERROR;
				GCC_WARN_UNDECLARED_SELECTOR = YES;
				GCC_WARN_UNINITIALIZED_AUTOS = YES_AGGRESSIVE;
				GCC_WARN_UNUSED_FUNCTION = YES;
				GCC_WARN_UNUSED_VARIABLE = YES;
				IPHONEOS_DEPLOYMENT_TARGET = 13.0;
				MACOSX_DEPLOYMENT_TARGET = 10.11;
				MTL_ENABLE_DEBUG_INFO = YES;
				ONLY_ACTIVE_ARCH = YES;
				SWIFT_ACTIVE_COMPILATION_CONDITIONS = DEBUG;
				SWIFT_OPTIMIZATION_LEVEL = "-Onone";
			};
			name = Debug;
		};
		A71A97661E48CCA4005E134F /* Release */ = {
			isa = XCBuildConfiguration;
			buildSettings = {
				ALWAYS_SEARCH_USER_PATHS = NO;
				CLANG_ANALYZER_LOCALIZABILITY_NONLOCALIZED = YES;
				CLANG_ANALYZER_NONNULL = YES;
				CLANG_ANALYZER_NUMBER_OBJECT_CONVERSION = YES_AGGRESSIVE;
				CLANG_CXX_LANGUAGE_STANDARD = "gnu++0x";
				CLANG_CXX_LIBRARY = "libc++";
				CLANG_ENABLE_MODULES = YES;
				CLANG_ENABLE_OBJC_ARC = YES;
				CLANG_WARN_BLOCK_CAPTURE_AUTORELEASING = YES;
				CLANG_WARN_BOOL_CONVERSION = YES;
				CLANG_WARN_COMMA = YES;
				CLANG_WARN_CONSTANT_CONVERSION = YES;
				CLANG_WARN_DEPRECATED_OBJC_IMPLEMENTATIONS = YES;
				CLANG_WARN_DIRECT_OBJC_ISA_USAGE = YES_ERROR;
				CLANG_WARN_DOCUMENTATION_COMMENTS = YES;
				CLANG_WARN_EMPTY_BODY = YES;
				CLANG_WARN_ENUM_CONVERSION = YES;
				CLANG_WARN_INFINITE_RECURSION = YES;
				CLANG_WARN_INT_CONVERSION = YES;
				CLANG_WARN_NON_LITERAL_NULL_CONVERSION = YES;
				CLANG_WARN_OBJC_IMPLICIT_RETAIN_SELF = YES;
				CLANG_WARN_OBJC_LITERAL_CONVERSION = YES;
				CLANG_WARN_OBJC_ROOT_CLASS = YES_ERROR;
				CLANG_WARN_QUOTED_INCLUDE_IN_FRAMEWORK_HEADER = YES;
				CLANG_WARN_RANGE_LOOP_ANALYSIS = YES;
				CLANG_WARN_STRICT_PROTOTYPES = YES;
				CLANG_WARN_SUSPICIOUS_MOVE = YES;
				CLANG_WARN_UNREACHABLE_CODE = YES;
				CLANG_WARN__DUPLICATE_METHOD_MATCH = YES;
				COPY_PHASE_STRIP = NO;
				DEAD_CODE_STRIPPING = YES;
				DEBUG_INFORMATION_FORMAT = "dwarf-with-dsym";
				ENABLE_NS_ASSERTIONS = NO;
				ENABLE_STRICT_OBJC_MSGSEND = YES;
				ENABLE_USER_SCRIPT_SANDBOXING = YES;
				GCC_C_LANGUAGE_STANDARD = gnu99;
				GCC_NO_COMMON_BLOCKS = YES;
				GCC_WARN_64_TO_32_BIT_CONVERSION = YES;
				GCC_WARN_ABOUT_RETURN_TYPE = YES_ERROR;
				GCC_WARN_UNDECLARED_SELECTOR = YES;
				GCC_WARN_UNINITIALIZED_AUTOS = YES_AGGRESSIVE;
				GCC_WARN_UNUSED_FUNCTION = YES;
				GCC_WARN_UNUSED_VARIABLE = YES;
				IPHONEOS_DEPLOYMENT_TARGET = 13.0;
				MACOSX_DEPLOYMENT_TARGET = 10.11;
				MTL_ENABLE_DEBUG_INFO = NO;
				SWIFT_COMPILATION_MODE = wholemodule;
				SWIFT_OPTIMIZATION_LEVEL = "-O";
			};
			name = Release;
		};
		A71A97681E48CCA4005E134F /* Debug */ = {
			isa = XCBuildConfiguration;
			buildSettings = {
				ASSETCATALOG_COMPILER_APPICON_NAME = AppIcon;
				CODE_SIGN_ENTITLEMENTS = iOS/TenPair.entitlements;
				"CODE_SIGN_IDENTITY[sdk=iphoneos*]" = "iPhone Developer";
				CURRENT_PROJECT_VERSION = 119;
				DEVELOPMENT_TEAM = 5T8DRBFCBP;
				ENABLE_USER_SCRIPT_SANDBOXING = NO;
				FRAMEWORK_SEARCH_PATHS = "$(inherited)";
				INFOPLIST_FILE = iOS/Info.plist;
				IPHONEOS_DEPLOYMENT_TARGET = 17.0;
				LD_RUNPATH_SEARCH_PATHS = (
					"$(inherited)",
					"@executable_path/Frameworks",
				);
				MACOSX_DEPLOYMENT_TARGET = "$(RECOMMENDED_MACOSX_DEPLOYMENT_TARGET)";
				MARKETING_VERSION = 2025.1;
				OTHER_LDFLAGS = (
					"$(inherited)",
					"-ObjC",
				);
				PRODUCT_BUNDLE_IDENTIFIER = com.coodly.numbrn;
				PRODUCT_NAME = TenPair;
				SDKROOT = iphoneos;
				SWIFT_STRICT_CONCURRENCY = complete;
				SWIFT_SWIFT3_OBJC_INFERENCE = Default;
				SWIFT_VERSION = 5.0;
				TARGETED_DEVICE_FAMILY = "1,2";
				WARNING_CFLAGS = "";
			};
			name = Debug;
		};
		A71A97691E48CCA4005E134F /* Release */ = {
			isa = XCBuildConfiguration;
			buildSettings = {
				ASSETCATALOG_COMPILER_APPICON_NAME = AppIcon;
				CODE_SIGN_ENTITLEMENTS = iOS/TenPair.entitlements;
				"CODE_SIGN_IDENTITY[sdk=iphoneos*]" = "iPhone Developer";
				CURRENT_PROJECT_VERSION = 119;
				DEVELOPMENT_TEAM = 5T8DRBFCBP;
				ENABLE_USER_SCRIPT_SANDBOXING = NO;
				FRAMEWORK_SEARCH_PATHS = "$(inherited)";
				INFOPLIST_FILE = iOS/Info.plist;
				IPHONEOS_DEPLOYMENT_TARGET = 17.0;
				LD_RUNPATH_SEARCH_PATHS = (
					"$(inherited)",
					"@executable_path/Frameworks",
				);
				MACOSX_DEPLOYMENT_TARGET = "$(RECOMMENDED_MACOSX_DEPLOYMENT_TARGET)";
				MARKETING_VERSION = 2025.1;
				OTHER_LDFLAGS = (
					"$(inherited)",
					"-ObjC",
				);
				PRODUCT_BUNDLE_IDENTIFIER = com.coodly.numbrn;
				PRODUCT_NAME = TenPair;
				SDKROOT = iphoneos;
				SWIFT_STRICT_CONCURRENCY = complete;
				SWIFT_SWIFT3_OBJC_INFERENCE = Default;
				SWIFT_VERSION = 5.0;
				TARGETED_DEVICE_FAMILY = "1,2";
				VALIDATE_PRODUCT = YES;
				WARNING_CFLAGS = "";
			};
			name = Release;
		};
		A75BE52324AB7A5B00D0AEB4 /* Debug */ = {
			isa = XCBuildConfiguration;
			buildSettings = {
				ASSETCATALOG_COMPILER_APPICON_NAME = AppIcon;
				CLANG_CXX_LANGUAGE_STANDARD = "gnu++14";
				CLANG_ENABLE_OBJC_WEAK = YES;
				CLANG_WARN_UNGUARDED_AVAILABILITY = YES_AGGRESSIVE;
				CODE_SIGN_ENTITLEMENTS = Catalyst/Catalyst.entitlements;
				CODE_SIGN_STYLE = Automatic;
				CURRENT_PROJECT_VERSION = 119;
				DEVELOPMENT_TEAM = 5T8DRBFCBP;
				GCC_C_LANGUAGE_STANDARD = gnu11;
				INFOPLIST_FILE = Catalyst/Info.plist;
				IPHONEOS_DEPLOYMENT_TARGET = 13.0;
				LD_RUNPATH_SEARCH_PATHS = (
					"$(inherited)",
					"@executable_path/Frameworks",
				);
				MACOSX_DEPLOYMENT_TARGET = "$(RECOMMENDED_MACOSX_DEPLOYMENT_TARGET)";
				MARKETING_VERSION = 2025.1;
				MTL_ENABLE_DEBUG_INFO = INCLUDE_SOURCE;
				MTL_FAST_MATH = YES;
				PRODUCT_BUNDLE_IDENTIFIER = com.coodly.tenpair;
				PRODUCT_NAME = TenPair;
				SDKROOT = iphoneos;
				SUPPORTS_MACCATALYST = YES;
				SWIFT_STRICT_CONCURRENCY = complete;
				SWIFT_VERSION = 5.0;
				TARGETED_DEVICE_FAMILY = 2;
			};
			name = Debug;
		};
		A75BE52424AB7A5B00D0AEB4 /* Release */ = {
			isa = XCBuildConfiguration;
			buildSettings = {
				ASSETCATALOG_COMPILER_APPICON_NAME = AppIcon;
				CLANG_CXX_LANGUAGE_STANDARD = "gnu++14";
				CLANG_ENABLE_OBJC_WEAK = YES;
				CLANG_WARN_UNGUARDED_AVAILABILITY = YES_AGGRESSIVE;
				CODE_SIGN_ENTITLEMENTS = Catalyst/Catalyst.entitlements;
				CODE_SIGN_STYLE = Automatic;
				CURRENT_PROJECT_VERSION = 119;
				DEVELOPMENT_TEAM = 5T8DRBFCBP;
				GCC_C_LANGUAGE_STANDARD = gnu11;
				INFOPLIST_FILE = Catalyst/Info.plist;
				IPHONEOS_DEPLOYMENT_TARGET = 13.0;
				LD_RUNPATH_SEARCH_PATHS = (
					"$(inherited)",
					"@executable_path/Frameworks",
				);
				MACOSX_DEPLOYMENT_TARGET = "$(RECOMMENDED_MACOSX_DEPLOYMENT_TARGET)";
				MARKETING_VERSION = 2025.1;
				MTL_FAST_MATH = YES;
				PRODUCT_BUNDLE_IDENTIFIER = com.coodly.tenpair;
				PRODUCT_NAME = TenPair;
				SDKROOT = iphoneos;
				SUPPORTS_MACCATALYST = YES;
				SWIFT_STRICT_CONCURRENCY = complete;
				SWIFT_VERSION = 5.0;
				TARGETED_DEVICE_FAMILY = 2;
				VALIDATE_PRODUCT = YES;
			};
			name = Release;
		};
/* End XCBuildConfiguration section */

/* Begin XCConfigurationList section */
		A71A97371E48CCA4005E134F /* Build configuration list for PBXProject "TenPair" */ = {
			isa = XCConfigurationList;
			buildConfigurations = (
				A71A97651E48CCA4005E134F /* Debug */,
				A71A97661E48CCA4005E134F /* Release */,
			);
			defaultConfigurationIsVisible = 0;
			defaultConfigurationName = Release;
		};
		A71A97671E48CCA4005E134F /* Build configuration list for PBXNativeTarget "iOS" */ = {
			isa = XCConfigurationList;
			buildConfigurations = (
				A71A97681E48CCA4005E134F /* Debug */,
				A71A97691E48CCA4005E134F /* Release */,
			);
			defaultConfigurationIsVisible = 0;
			defaultConfigurationName = Release;
		};
		A75BE52524AB7A5B00D0AEB4 /* Build configuration list for PBXNativeTarget "Catalyst" */ = {
			isa = XCConfigurationList;
			buildConfigurations = (
				A75BE52324AB7A5B00D0AEB4 /* Debug */,
				A75BE52424AB7A5B00D0AEB4 /* Release */,
			);
			defaultConfigurationIsVisible = 0;
			defaultConfigurationName = Release;
		};
/* End XCConfigurationList section */

/* Begin XCSwiftPackageProductDependency section */
		EA4E216B26425485000F3963 /* Save */ = {
			isa = XCSwiftPackageProductDependency;
			productName = Save;
		};
		EA6EC3DA27C005BD00A56B9E /* AppPackages */ = {
			isa = XCSwiftPackageProductDependency;
			productName = AppPackages;
		};
		EA6EC3DC27C0AF1300A56B9E /* AppPackages */ = {
			isa = XCSwiftPackageProductDependency;
			productName = AppPackages;
		};
		EA6EC3E027C0B8AB00A56B9E /* MobilePackages */ = {
			isa = XCSwiftPackageProductDependency;
			productName = MobilePackages;
		};
		EA6EC3E227C0B8B700A56B9E /* DesktopPackages */ = {
			isa = XCSwiftPackageProductDependency;
			productName = DesktopPackages;
		};
		EA9D680B263E769400E8E909 /* Play */ = {
			isa = XCSwiftPackageProductDependency;
			productName = Play;
		};
		EABB3CDD263439E100FC1391 /* Logging */ = {
			isa = XCSwiftPackageProductDependency;
			productName = Logging;
		};
		EABB3CDF263439E600FC1391 /* Config */ = {
			isa = XCSwiftPackageProductDependency;
			productName = Config;
		};
		EAF0D2722644F68A0008410D /* RandomLines */ = {
			isa = XCSwiftPackageProductDependency;
			productName = RandomLines;
		};
		EAF0D2802644FE2D0008410D /* Logging */ = {
			isa = XCSwiftPackageProductDependency;
			productName = Logging;
		};
		EAF0D2822644FE5D0008410D /* Play */ = {
			isa = XCSwiftPackageProductDependency;
			productName = Play;
		};
		EAF0D2842644FE650008410D /* RandomLines */ = {
			isa = XCSwiftPackageProductDependency;
			productName = RandomLines;
		};
/* End XCSwiftPackageProductDependency section */
	};
	rootObject = A71A97341E48CCA4005E134F /* Project object */;
}
