// !$*UTF8*$!
{
	archiveVersion = 1;
	classes = {
	};
	objectVersion = 46;
	objects = {

/* Begin PBXBuildFile section */
		397AC755070F530439647551 /* Pods_macOS.framework in Frameworks */ = {isa = PBXBuildFile; fileRef = 8823AD29127CFC3A63FA4805 /* Pods_macOS.framework */; };
		A718374E1E499FB8002AEBF5 /* NumbersField.swift in Sources */ = {isa = PBXBuildFile; fileRef = A718374D1E499FB8002AEBF5 /* NumbersField.swift */; };
		A718374F1E499FB8002AEBF5 /* NumbersField.swift in Sources */ = {isa = PBXBuildFile; fileRef = A718374D1E499FB8002AEBF5 /* NumbersField.swift */; };
		A71837691E4A0C5F002AEBF5 /* BarButton.swift in Sources */ = {isa = PBXBuildFile; fileRef = A71837681E4A0C5F002AEBF5 /* BarButton.swift */; };
		A71A97451E48CCA4005E134F /* AppDelegate.swift in Sources */ = {isa = PBXBuildFile; fileRef = A71A97441E48CCA4005E134F /* AppDelegate.swift */; };
		A71A97471E48CCA4005E134F /* GameViewController.swift in Sources */ = {isa = PBXBuildFile; fileRef = A71A97461E48CCA4005E134F /* GameViewController.swift */; };
		A71A974A1E48CCA4005E134F /* Main.storyboard in Resources */ = {isa = PBXBuildFile; fileRef = A71A97481E48CCA4005E134F /* Main.storyboard */; };
		A71A97561E48CCA4005E134F /* AppDelegate.swift in Sources */ = {isa = PBXBuildFile; fileRef = A71A97551E48CCA4005E134F /* AppDelegate.swift */; };
		A71A97631E48CCA4005E134F /* Assets.xcassets in Resources */ = {isa = PBXBuildFile; fileRef = A71A973C1E48CCA4005E134F /* Assets.xcassets */; };
		A71A97641E48CCA4005E134F /* Assets.xcassets in Resources */ = {isa = PBXBuildFile; fileRef = A71A973C1E48CCA4005E134F /* Assets.xcassets */; };
		A7363A351E55896D00B7C732 /* NumbersPathFinder.swift in Sources */ = {isa = PBXBuildFile; fileRef = A7363A341E55896D00B7C732 /* NumbersPathFinder.swift */; };
		A7363A371E5589DB00B7C732 /* EmptyLinesSearch.swift in Sources */ = {isa = PBXBuildFile; fileRef = A7363A361E5589DB00B7C732 /* EmptyLinesSearch.swift */; };
		A7363A3A1E558EDF00B7C732 /* EmptyLinesSearch.swift in Sources */ = {isa = PBXBuildFile; fileRef = A7363A361E5589DB00B7C732 /* EmptyLinesSearch.swift */; };
		A7363A3B1E558EED00B7C732 /* NumbersPathFinder.swift in Sources */ = {isa = PBXBuildFile; fileRef = A7363A341E55896D00B7C732 /* NumbersPathFinder.swift */; };
		A7363A3D1E55969600B7C732 /* FieldStatusVIew.swift in Sources */ = {isa = PBXBuildFile; fileRef = A7363A3C1E55969600B7C732 /* FieldStatusVIew.swift */; };
		A748DC3B1E57375800F16F92 /* LaunchView.xib in Resources */ = {isa = PBXBuildFile; fileRef = A748DC3A1E57375800F16F92 /* LaunchView.xib */; };
		A750CE321E55AAB300852E6A /* FieldStatusVIew.swift in Sources */ = {isa = PBXBuildFile; fileRef = A7363A3C1E55969600B7C732 /* FieldStatusVIew.swift */; };
		A750CE341E55D7E500852E6A /* ButtonTray.swift in Sources */ = {isa = PBXBuildFile; fileRef = A750CE331E55D7E500852E6A /* ButtonTray.swift */; };
		A750CE351E55D7E500852E6A /* ButtonTray.swift in Sources */ = {isa = PBXBuildFile; fileRef = A750CE331E55D7E500852E6A /* ButtonTray.swift */; };
		A750CE371E55DD9B00852E6A /* MatchFinder.swift in Sources */ = {isa = PBXBuildFile; fileRef = A750CE361E55DD9B00852E6A /* MatchFinder.swift */; };
		A750CE381E55DD9B00852E6A /* MatchFinder.swift in Sources */ = {isa = PBXBuildFile; fileRef = A750CE361E55DD9B00852E6A /* MatchFinder.swift */; };
		A75570BF1E54552300114ED2 /* LoadingScreen.swift in Sources */ = {isa = PBXBuildFile; fileRef = A75570BE1E54552300114ED2 /* LoadingScreen.swift */; };
		A75570C01E54552300114ED2 /* LoadingScreen.swift in Sources */ = {isa = PBXBuildFile; fileRef = A75570BE1E54552300114ED2 /* LoadingScreen.swift */; };
		A777FA831E50758A003E62D7 /* MenuButton.swift in Sources */ = {isa = PBXBuildFile; fileRef = A777FA821E50758A003E62D7 /* MenuButton.swift */; };
		A777FA841E50758A003E62D7 /* MenuButton.swift in Sources */ = {isa = PBXBuildFile; fileRef = A777FA821E50758A003E62D7 /* MenuButton.swift */; };
		A777FA8A1E50CC76003E62D7 /* InfoPlist.strings in Resources */ = {isa = PBXBuildFile; fileRef = A777FA861E50CC76003E62D7 /* InfoPlist.strings */; };
		A777FA8B1E50CC76003E62D7 /* Localizable.strings in Resources */ = {isa = PBXBuildFile; fileRef = A777FA881E50CC76003E62D7 /* Localizable.strings */; };
		A77DE6F91E48D75200E9214A /* TenPair.swift in Sources */ = {isa = PBXBuildFile; fileRef = A77DE6F81E48D75200E9214A /* TenPair.swift */; };
		A77DE6FD1E48D8D500E9214A /* PlayScreen.swift in Sources */ = {isa = PBXBuildFile; fileRef = A77DE6FC1E48D8D500E9214A /* PlayScreen.swift */; };
		A77DE7091E48E29100E9214A /* TopMenuBar.swift in Sources */ = {isa = PBXBuildFile; fileRef = A77DE7081E48E29100E9214A /* TopMenuBar.swift */; };
		A77DE70C1E48E8AF00E9214A /* TenPair.swift in Sources */ = {isa = PBXBuildFile; fileRef = A77DE6F81E48D75200E9214A /* TenPair.swift */; };
		A77DE70D1E48E8C000E9214A /* PlayScreen.swift in Sources */ = {isa = PBXBuildFile; fileRef = A77DE6FC1E48D8D500E9214A /* PlayScreen.swift */; };
		A77DE70E1E48E8C800E9214A /* TopMenuBar.swift in Sources */ = {isa = PBXBuildFile; fileRef = A77DE7081E48E29100E9214A /* TopMenuBar.swift */; };
		A787133E1E5C2BC3002DEF76 /* FeedbackService.swift in Sources */ = {isa = PBXBuildFile; fileRef = A787133D1E5C2BC3002DEF76 /* FeedbackService.swift */; };
		A78713461E5C8B2C002DEF76 /* AdsCoordinator.swift in Sources */ = {isa = PBXBuildFile; fileRef = A78713451E5C8B2C002DEF76 /* AdsCoordinator.swift */; };
		A787134C1E5CA743002DEF76 /* Secrets.swift in Sources */ = {isa = PBXBuildFile; fileRef = A787134A1E5CA743002DEF76 /* Secrets.swift */; };
		A787134D1E5CA74F002DEF76 /* Secrets.swift in Sources */ = {isa = PBXBuildFile; fileRef = A787134A1E5CA743002DEF76 /* Secrets.swift */; };
		A787134F1E5D6FDC002DEF76 /* RestartScreen.swift in Sources */ = {isa = PBXBuildFile; fileRef = A787134E1E5D6FDC002DEF76 /* RestartScreen.swift */; };
		A78713501E5D6FDC002DEF76 /* RestartScreen.swift in Sources */ = {isa = PBXBuildFile; fileRef = A787134E1E5D6FDC002DEF76 /* RestartScreen.swift */; };
		A78D56721E5AD3F7002957DC /* FieldBackground.swift in Sources */ = {isa = PBXBuildFile; fileRef = A78D56711E5AD3F7002957DC /* FieldBackground.swift */; };
		A78D56731E5AD40D002957DC /* FieldBackground.swift in Sources */ = {isa = PBXBuildFile; fileRef = A78D56711E5AD3F7002957DC /* FieldBackground.swift */; };
		A78D56821E5AE54B002957DC /* Crashlytics.framework in Frameworks */ = {isa = PBXBuildFile; fileRef = A78D56801E5AE54B002957DC /* Crashlytics.framework */; };
		A78D56831E5AE54B002957DC /* Fabric.framework in Frameworks */ = {isa = PBXBuildFile; fileRef = A78D56811E5AE54B002957DC /* Fabric.framework */; };
		A78D56861E5AE55E002957DC /* Crashlytics.framework in Frameworks */ = {isa = PBXBuildFile; fileRef = A78D56841E5AE55E002957DC /* Crashlytics.framework */; };
		A78D56871E5AE55E002957DC /* Fabric.framework in Frameworks */ = {isa = PBXBuildFile; fileRef = A78D56851E5AE55E002957DC /* Fabric.framework */; };
		A78D568C1E5AF01A002957DC /* WinScreen.swift in Sources */ = {isa = PBXBuildFile; fileRef = A78D568B1E5AF01A002957DC /* WinScreen.swift */; };
		A78D568D1E5AF01A002957DC /* WinScreen.swift in Sources */ = {isa = PBXBuildFile; fileRef = A78D568B1E5AF01A002957DC /* WinScreen.swift */; };
		A78D568F1E5AF095002957DC /* Confetti.sks in Resources */ = {isa = PBXBuildFile; fileRef = A78D568E1E5AF095002957DC /* Confetti.sks */; };
		A78D56901E5AF095002957DC /* Confetti.sks in Resources */ = {isa = PBXBuildFile; fileRef = A78D568E1E5AF095002957DC /* Confetti.sks */; };
		A78D56921E5B362F002957DC /* Theme.swift in Sources */ = {isa = PBXBuildFile; fileRef = A78D56911E5B362F002957DC /* Theme.swift */; };
		A78D56931E5B362F002957DC /* Theme.swift in Sources */ = {isa = PBXBuildFile; fileRef = A78D56911E5B362F002957DC /* Theme.swift */; };
		A78FA2F31E5C16FE002DB0AF /* FeedbackService.swift in Sources */ = {isa = PBXBuildFile; fileRef = A78FA2F21E5C16FE002DB0AF /* FeedbackService.swift */; };
		A79F0B091FA38B8D00FE21F6 /* AdLoadingViewController.swift in Sources */ = {isa = PBXBuildFile; fileRef = A79F0B081FA38B8D00FE21F6 /* AdLoadingViewController.swift */; };
		A7B12C1A1E53123D007D7807 /* InfoPlist.strings in Resources */ = {isa = PBXBuildFile; fileRef = A777FA861E50CC76003E62D7 /* InfoPlist.strings */; };
		A7B12C1B1E53123D007D7807 /* Localizable.strings in Resources */ = {isa = PBXBuildFile; fileRef = A777FA881E50CC76003E62D7 /* Localizable.strings */; };
		A7B12C1D1E535B18007D7807 /* Config.swift in Sources */ = {isa = PBXBuildFile; fileRef = A7B12C1C1E535B18007D7807 /* Config.swift */; };
		A7B12C1E1E535B18007D7807 /* Config.swift in Sources */ = {isa = PBXBuildFile; fileRef = A7B12C1C1E535B18007D7807 /* Config.swift */; };
		A7B12C201E535B67007D7807 /* Constants.swift in Sources */ = {isa = PBXBuildFile; fileRef = A7B12C1F1E535B67007D7807 /* Constants.swift */; };
		A7B12C221E535B72007D7807 /* Constants.swift in Sources */ = {isa = PBXBuildFile; fileRef = A7B12C211E535B72007D7807 /* Constants.swift */; };
		A7B12C231E542917007D7807 /* Tile.swift in Sources */ = {isa = PBXBuildFile; fileRef = A7ECCB7F1E4E275E001ADB51 /* Tile.swift */; };
		A7B12C271E543355007D7807 /* Aliases.swift in Sources */ = {isa = PBXBuildFile; fileRef = A7B12C261E543355007D7807 /* Aliases.swift */; };
		A7B12C291E543379007D7807 /* Aliases.swift in Sources */ = {isa = PBXBuildFile; fileRef = A7B12C281E543379007D7807 /* Aliases.swift */; };
		A7B12C2D1E5439AA007D7807 /* Tile+Extensions.swift in Sources */ = {isa = PBXBuildFile; fileRef = A7B12C2C1E5439AA007D7807 /* Tile+Extensions.swift */; };
		A7B12C2F1E543A10007D7807 /* Tile+Extensions.swift in Sources */ = {isa = PBXBuildFile; fileRef = A7B12C2E1E543A10007D7807 /* Tile+Extensions.swift */; };
		A7D390801E4B049400EDB111 /* FieldSave.swift in Sources */ = {isa = PBXBuildFile; fileRef = A7D3907F1E4B049400EDB111 /* FieldSave.swift */; };
		A7D390811E4B049400EDB111 /* FieldSave.swift in Sources */ = {isa = PBXBuildFile; fileRef = A7D3907F1E4B049400EDB111 /* FieldSave.swift */; };
		A7D390831E4B0ADB00EDB111 /* MainMenu.xib in Resources */ = {isa = PBXBuildFile; fileRef = A7D390821E4B0ADB00EDB111 /* MainMenu.xib */; };
		A7D3908D1E4B2AE300EDB111 /* MenuScreen.swift in Sources */ = {isa = PBXBuildFile; fileRef = A7D3908C1E4B2AE300EDB111 /* MenuScreen.swift */; };
		A7D3908E1E4B2AE300EDB111 /* MenuScreen.swift in Sources */ = {isa = PBXBuildFile; fileRef = A7D3908C1E4B2AE300EDB111 /* MenuScreen.swift */; };
		A7D390931E4B47E900EDB111 /* Log.swift in Sources */ = {isa = PBXBuildFile; fileRef = A7D390921E4B47E900EDB111 /* Log.swift */; };
		A7D390941E4B47E900EDB111 /* Log.swift in Sources */ = {isa = PBXBuildFile; fileRef = A7D390921E4B47E900EDB111 /* Log.swift */; };
		A7D5BA511E5DE63A003333A9 /* CloudKit.framework in Frameworks */ = {isa = PBXBuildFile; fileRef = A7D5BA501E5DE63A003333A9 /* CloudKit.framework */; };
		A7EADCF91F9D1D47007BA0E8 /* TopMenuBackground.swift in Sources */ = {isa = PBXBuildFile; fileRef = A7EADCF81F9D1D47007BA0E8 /* TopMenuBackground.swift */; };
		A7ECCB801E4E275E001ADB51 /* Tile.swift in Sources */ = {isa = PBXBuildFile; fileRef = A7ECCB7F1E4E275E001ADB51 /* Tile.swift */; };
		A7ED7FCF1F9E5165005AE9C9 /* TopMenuBackground.swift in Sources */ = {isa = PBXBuildFile; fileRef = A7EADCF81F9D1D47007BA0E8 /* TopMenuBackground.swift */; };
		A7EE33BA243B7424004CF496 /* UIView+Extensions.swift in Sources */ = {isa = PBXBuildFile; fileRef = A7EE33B9243B7424004CF496 /* UIView+Extensions.swift */; };
		FD9D8E2E75E65EDEDCA851EF /* Pods_iOS.framework in Frameworks */ = {isa = PBXBuildFile; fileRef = 91D9165C6E1B65FDE334C138 /* Pods_iOS.framework */; };
/* End PBXBuildFile section */

/* Begin PBXFileReference section */
		0F87E684DF6C56BE4744A9CA /* Pods-iOS.debug.xcconfig */ = {isa = PBXFileReference; includeInIndex = 1; lastKnownFileType = text.xcconfig; name = "Pods-iOS.debug.xcconfig"; path = "Pods/Target Support Files/Pods-iOS/Pods-iOS.debug.xcconfig"; sourceTree = "<group>"; };
		8823AD29127CFC3A63FA4805 /* Pods_macOS.framework */ = {isa = PBXFileReference; explicitFileType = wrapper.framework; includeInIndex = 0; path = Pods_macOS.framework; sourceTree = BUILT_PRODUCTS_DIR; };
		91D9165C6E1B65FDE334C138 /* Pods_iOS.framework */ = {isa = PBXFileReference; explicitFileType = wrapper.framework; includeInIndex = 0; path = Pods_iOS.framework; sourceTree = BUILT_PRODUCTS_DIR; };
		A718374D1E499FB8002AEBF5 /* NumbersField.swift */ = {isa = PBXFileReference; fileEncoding = 4; lastKnownFileType = sourcecode.swift; path = NumbersField.swift; sourceTree = "<group>"; };
		A71837681E4A0C5F002AEBF5 /* BarButton.swift */ = {isa = PBXFileReference; fileEncoding = 4; lastKnownFileType = sourcecode.swift; path = BarButton.swift; sourceTree = "<group>"; };
		A71A973C1E48CCA4005E134F /* Assets.xcassets */ = {isa = PBXFileReference; lastKnownFileType = folder.assetcatalog; path = Assets.xcassets; sourceTree = "<group>"; };
		A71A97411E48CCA4005E134F /* TenPair.app */ = {isa = PBXFileReference; explicitFileType = wrapper.application; includeInIndex = 0; path = TenPair.app; sourceTree = BUILT_PRODUCTS_DIR; };
		A71A97441E48CCA4005E134F /* AppDelegate.swift */ = {isa = PBXFileReference; lastKnownFileType = sourcecode.swift; path = AppDelegate.swift; sourceTree = "<group>"; };
		A71A97461E48CCA4005E134F /* GameViewController.swift */ = {isa = PBXFileReference; lastKnownFileType = sourcecode.swift; path = GameViewController.swift; sourceTree = "<group>"; };
		A71A97491E48CCA4005E134F /* Base */ = {isa = PBXFileReference; lastKnownFileType = file.storyboard; name = Base; path = Base.lproj/Main.storyboard; sourceTree = "<group>"; };
		A71A974E1E48CCA4005E134F /* Info.plist */ = {isa = PBXFileReference; lastKnownFileType = text.plist.xml; path = Info.plist; sourceTree = "<group>"; };
		A71A97531E48CCA4005E134F /* TenPair.app */ = {isa = PBXFileReference; explicitFileType = wrapper.application; includeInIndex = 0; path = TenPair.app; sourceTree = BUILT_PRODUCTS_DIR; };
		A71A97551E48CCA4005E134F /* AppDelegate.swift */ = {isa = PBXFileReference; lastKnownFileType = sourcecode.swift; path = AppDelegate.swift; sourceTree = "<group>"; };
		A71A975C1E48CCA4005E134F /* Info.plist */ = {isa = PBXFileReference; lastKnownFileType = text.plist.xml; path = Info.plist; sourceTree = "<group>"; };
		A7363A341E55896D00B7C732 /* NumbersPathFinder.swift */ = {isa = PBXFileReference; fileEncoding = 4; lastKnownFileType = sourcecode.swift; path = NumbersPathFinder.swift; sourceTree = "<group>"; };
		A7363A361E5589DB00B7C732 /* EmptyLinesSearch.swift */ = {isa = PBXFileReference; fileEncoding = 4; lastKnownFileType = sourcecode.swift; path = EmptyLinesSearch.swift; sourceTree = "<group>"; };
		A7363A3C1E55969600B7C732 /* FieldStatusVIew.swift */ = {isa = PBXFileReference; fileEncoding = 4; lastKnownFileType = sourcecode.swift; path = FieldStatusVIew.swift; sourceTree = "<group>"; };
		A748DC3A1E57375800F16F92 /* LaunchView.xib */ = {isa = PBXFileReference; fileEncoding = 4; lastKnownFileType = file.xib; path = LaunchView.xib; sourceTree = "<group>"; };
		A750CE331E55D7E500852E6A /* ButtonTray.swift */ = {isa = PBXFileReference; fileEncoding = 4; lastKnownFileType = sourcecode.swift; path = ButtonTray.swift; sourceTree = "<group>"; };
		A750CE361E55DD9B00852E6A /* MatchFinder.swift */ = {isa = PBXFileReference; fileEncoding = 4; lastKnownFileType = sourcecode.swift; path = MatchFinder.swift; sourceTree = "<group>"; };
		A75570BE1E54552300114ED2 /* LoadingScreen.swift */ = {isa = PBXFileReference; fileEncoding = 4; lastKnownFileType = sourcecode.swift; path = LoadingScreen.swift; sourceTree = "<group>"; };
		A777FA821E50758A003E62D7 /* MenuButton.swift */ = {isa = PBXFileReference; fileEncoding = 4; lastKnownFileType = sourcecode.swift; path = MenuButton.swift; sourceTree = "<group>"; };
		A777FA871E50CC76003E62D7 /* en */ = {isa = PBXFileReference; lastKnownFileType = text.plist.strings; name = en; path = InfoPlist.strings; sourceTree = "<group>"; };
		A777FA891E50CC76003E62D7 /* en */ = {isa = PBXFileReference; lastKnownFileType = text.plist.strings; name = en; path = Localizable.strings; sourceTree = "<group>"; };
		A77DE6F81E48D75200E9214A /* TenPair.swift */ = {isa = PBXFileReference; fileEncoding = 4; lastKnownFileType = sourcecode.swift; path = TenPair.swift; sourceTree = "<group>"; };
		A77DE6FC1E48D8D500E9214A /* PlayScreen.swift */ = {isa = PBXFileReference; fileEncoding = 4; lastKnownFileType = sourcecode.swift; path = PlayScreen.swift; sourceTree = "<group>"; };
		A77DE7081E48E29100E9214A /* TopMenuBar.swift */ = {isa = PBXFileReference; fileEncoding = 4; lastKnownFileType = sourcecode.swift; path = TopMenuBar.swift; sourceTree = "<group>"; };
		A787133D1E5C2BC3002DEF76 /* FeedbackService.swift */ = {isa = PBXFileReference; fileEncoding = 4; lastKnownFileType = sourcecode.swift; path = FeedbackService.swift; sourceTree = "<group>"; };
		A78713451E5C8B2C002DEF76 /* AdsCoordinator.swift */ = {isa = PBXFileReference; fileEncoding = 4; lastKnownFileType = sourcecode.swift; path = AdsCoordinator.swift; sourceTree = "<group>"; };
		A787134A1E5CA743002DEF76 /* Secrets.swift */ = {isa = PBXFileReference; fileEncoding = 4; lastKnownFileType = sourcecode.swift; path = Secrets.swift; sourceTree = "<group>"; };
		A787134E1E5D6FDC002DEF76 /* RestartScreen.swift */ = {isa = PBXFileReference; fileEncoding = 4; lastKnownFileType = sourcecode.swift; path = RestartScreen.swift; sourceTree = "<group>"; };
		A78D56711E5AD3F7002957DC /* FieldBackground.swift */ = {isa = PBXFileReference; fileEncoding = 4; lastKnownFileType = sourcecode.swift; path = FieldBackground.swift; sourceTree = "<group>"; };
		A78D56801E5AE54B002957DC /* Crashlytics.framework */ = {isa = PBXFileReference; lastKnownFileType = wrapper.framework; name = Crashlytics.framework; path = iOSFrameworks/Crashlytics.framework; sourceTree = SOURCE_ROOT; };
		A78D56811E5AE54B002957DC /* Fabric.framework */ = {isa = PBXFileReference; lastKnownFileType = wrapper.framework; name = Fabric.framework; path = iOSFrameworks/Fabric.framework; sourceTree = SOURCE_ROOT; };
		A78D56841E5AE55E002957DC /* Crashlytics.framework */ = {isa = PBXFileReference; lastKnownFileType = wrapper.framework; name = Crashlytics.framework; path = macOSFrameworks/Crashlytics.framework; sourceTree = SOURCE_ROOT; };
		A78D56851E5AE55E002957DC /* Fabric.framework */ = {isa = PBXFileReference; lastKnownFileType = wrapper.framework; name = Fabric.framework; path = macOSFrameworks/Fabric.framework; sourceTree = SOURCE_ROOT; };
		A78D568B1E5AF01A002957DC /* WinScreen.swift */ = {isa = PBXFileReference; fileEncoding = 4; lastKnownFileType = sourcecode.swift; path = WinScreen.swift; sourceTree = "<group>"; };
		A78D568E1E5AF095002957DC /* Confetti.sks */ = {isa = PBXFileReference; lastKnownFileType = file.sks; path = Confetti.sks; sourceTree = "<group>"; };
		A78D56911E5B362F002957DC /* Theme.swift */ = {isa = PBXFileReference; fileEncoding = 4; lastKnownFileType = sourcecode.swift; path = Theme.swift; sourceTree = "<group>"; };
		A78FA2EC1E5C145C002DB0AF /* TenPair.entitlements */ = {isa = PBXFileReference; lastKnownFileType = text.plist.entitlements; path = TenPair.entitlements; sourceTree = "<group>"; };
		A78FA2F21E5C16FE002DB0AF /* FeedbackService.swift */ = {isa = PBXFileReference; fileEncoding = 4; lastKnownFileType = sourcecode.swift; path = FeedbackService.swift; sourceTree = "<group>"; };
		A79F0B081FA38B8D00FE21F6 /* AdLoadingViewController.swift */ = {isa = PBXFileReference; lastKnownFileType = sourcecode.swift; path = AdLoadingViewController.swift; sourceTree = "<group>"; };
		A7B12C1C1E535B18007D7807 /* Config.swift */ = {isa = PBXFileReference; fileEncoding = 4; lastKnownFileType = sourcecode.swift; path = Config.swift; sourceTree = "<group>"; };
		A7B12C1F1E535B67007D7807 /* Constants.swift */ = {isa = PBXFileReference; fileEncoding = 4; lastKnownFileType = sourcecode.swift; path = Constants.swift; sourceTree = "<group>"; };
		A7B12C211E535B72007D7807 /* Constants.swift */ = {isa = PBXFileReference; fileEncoding = 4; lastKnownFileType = sourcecode.swift; path = Constants.swift; sourceTree = "<group>"; };
		A7B12C261E543355007D7807 /* Aliases.swift */ = {isa = PBXFileReference; fileEncoding = 4; lastKnownFileType = sourcecode.swift; path = Aliases.swift; sourceTree = "<group>"; };
		A7B12C281E543379007D7807 /* Aliases.swift */ = {isa = PBXFileReference; fileEncoding = 4; lastKnownFileType = sourcecode.swift; path = Aliases.swift; sourceTree = "<group>"; };
		A7B12C2C1E5439AA007D7807 /* Tile+Extensions.swift */ = {isa = PBXFileReference; fileEncoding = 4; lastKnownFileType = sourcecode.swift; path = "Tile+Extensions.swift"; sourceTree = "<group>"; };
		A7B12C2E1E543A10007D7807 /* Tile+Extensions.swift */ = {isa = PBXFileReference; fileEncoding = 4; lastKnownFileType = sourcecode.swift; path = "Tile+Extensions.swift"; sourceTree = "<group>"; };
		A7D3907F1E4B049400EDB111 /* FieldSave.swift */ = {isa = PBXFileReference; fileEncoding = 4; lastKnownFileType = sourcecode.swift; path = FieldSave.swift; sourceTree = "<group>"; };
		A7D390821E4B0ADB00EDB111 /* MainMenu.xib */ = {isa = PBXFileReference; fileEncoding = 4; lastKnownFileType = file.xib; path = MainMenu.xib; sourceTree = "<group>"; };
		A7D3908C1E4B2AE300EDB111 /* MenuScreen.swift */ = {isa = PBXFileReference; fileEncoding = 4; lastKnownFileType = sourcecode.swift; path = MenuScreen.swift; sourceTree = "<group>"; };
		A7D390921E4B47E900EDB111 /* Log.swift */ = {isa = PBXFileReference; fileEncoding = 4; lastKnownFileType = sourcecode.swift; path = Log.swift; sourceTree = "<group>"; };
		A7D5BA4F1E5DE61B003333A9 /* TenPair.entitlements */ = {isa = PBXFileReference; fileEncoding = 4; lastKnownFileType = text.plist.entitlements; path = TenPair.entitlements; sourceTree = "<group>"; };
		A7D5BA501E5DE63A003333A9 /* CloudKit.framework */ = {isa = PBXFileReference; lastKnownFileType = wrapper.framework; name = CloudKit.framework; path = Platforms/iPhoneOS.platform/Developer/SDKs/iPhoneOS10.2.sdk/System/Library/Frameworks/CloudKit.framework; sourceTree = DEVELOPER_DIR; };
		A7EADCF81F9D1D47007BA0E8 /* TopMenuBackground.swift */ = {isa = PBXFileReference; lastKnownFileType = sourcecode.swift; path = TopMenuBackground.swift; sourceTree = "<group>"; };
		A7ECCB7F1E4E275E001ADB51 /* Tile.swift */ = {isa = PBXFileReference; fileEncoding = 4; lastKnownFileType = sourcecode.swift; path = Tile.swift; sourceTree = "<group>"; };
		A7EE33B9243B7424004CF496 /* UIView+Extensions.swift */ = {isa = PBXFileReference; lastKnownFileType = sourcecode.swift; path = "UIView+Extensions.swift"; sourceTree = "<group>"; };
		CDBD234CA436EF092F3D679F /* Pods-iOS.release.xcconfig */ = {isa = PBXFileReference; includeInIndex = 1; lastKnownFileType = text.xcconfig; name = "Pods-iOS.release.xcconfig"; path = "Pods/Target Support Files/Pods-iOS/Pods-iOS.release.xcconfig"; sourceTree = "<group>"; };
		D734C99D56200ECE40196FB7 /* Pods-macOS.debug.xcconfig */ = {isa = PBXFileReference; includeInIndex = 1; lastKnownFileType = text.xcconfig; name = "Pods-macOS.debug.xcconfig"; path = "Pods/Target Support Files/Pods-macOS/Pods-macOS.debug.xcconfig"; sourceTree = "<group>"; };
		FFB053744AB774B5ADBDE43B /* Pods-macOS.release.xcconfig */ = {isa = PBXFileReference; includeInIndex = 1; lastKnownFileType = text.xcconfig; name = "Pods-macOS.release.xcconfig"; path = "Pods/Target Support Files/Pods-macOS/Pods-macOS.release.xcconfig"; sourceTree = "<group>"; };
/* End PBXFileReference section */

/* Begin PBXFrameworksBuildPhase section */
		A71A973E1E48CCA4005E134F /* Frameworks */ = {
			isa = PBXFrameworksBuildPhase;
			buildActionMask = 2147483647;
			files = (
				A78D56821E5AE54B002957DC /* Crashlytics.framework in Frameworks */,
				A7D5BA511E5DE63A003333A9 /* CloudKit.framework in Frameworks */,
				FD9D8E2E75E65EDEDCA851EF /* Pods_iOS.framework in Frameworks */,
				A78D56831E5AE54B002957DC /* Fabric.framework in Frameworks */,
			);
			runOnlyForDeploymentPostprocessing = 0;
		};
		A71A97501E48CCA4005E134F /* Frameworks */ = {
			isa = PBXFrameworksBuildPhase;
			buildActionMask = 2147483647;
			files = (
				A78D56861E5AE55E002957DC /* Crashlytics.framework in Frameworks */,
				397AC755070F530439647551 /* Pods_macOS.framework in Frameworks */,
				A78D56871E5AE55E002957DC /* Fabric.framework in Frameworks */,
			);
			runOnlyForDeploymentPostprocessing = 0;
		};
/* End PBXFrameworksBuildPhase section */

/* Begin PBXGroup section */
		3A55CE60C2DA1BC33147E445 /* Frameworks */ = {
			isa = PBXGroup;
			children = (
				A7D5BA501E5DE63A003333A9 /* CloudKit.framework */,
				91D9165C6E1B65FDE334C138 /* Pods_iOS.framework */,
				8823AD29127CFC3A63FA4805 /* Pods_macOS.framework */,
			);
			name = Frameworks;
			sourceTree = "<group>";
		};
		62B3A5D776E50EBF96C1951B /* Pods */ = {
			isa = PBXGroup;
			children = (
				0F87E684DF6C56BE4744A9CA /* Pods-iOS.debug.xcconfig */,
				CDBD234CA436EF092F3D679F /* Pods-iOS.release.xcconfig */,
				D734C99D56200ECE40196FB7 /* Pods-macOS.debug.xcconfig */,
				FFB053744AB774B5ADBDE43B /* Pods-macOS.release.xcconfig */,
			);
			name = Pods;
			sourceTree = "<group>";
		};
		A71A97331E48CCA4005E134F = {
			isa = PBXGroup;
			children = (
				A71A97381E48CCA4005E134F /* Shared */,
				A71A97431E48CCA4005E134F /* iOS */,
				A71A97541E48CCA4005E134F /* macOS */,
				A71A97421E48CCA4005E134F /* Products */,
				62B3A5D776E50EBF96C1951B /* Pods */,
				3A55CE60C2DA1BC33147E445 /* Frameworks */,
			);
			sourceTree = "<group>";
		};
		A71A97381E48CCA4005E134F /* Shared */ = {
			isa = PBXGroup;
			children = (
				A71A973C1E48CCA4005E134F /* Assets.xcassets */,
				A71837681E4A0C5F002AEBF5 /* BarButton.swift */,
				A750CE331E55D7E500852E6A /* ButtonTray.swift */,
				A78D568E1E5AF095002957DC /* Confetti.sks */,
				A7B12C1C1E535B18007D7807 /* Config.swift */,
				A7363A361E5589DB00B7C732 /* EmptyLinesSearch.swift */,
				A777FA851E50CC76003E62D7 /* en.lproj */,
				A78D56711E5AD3F7002957DC /* FieldBackground.swift */,
				A7D3907F1E4B049400EDB111 /* FieldSave.swift */,
				A7363A3C1E55969600B7C732 /* FieldStatusVIew.swift */,
				A75570BE1E54552300114ED2 /* LoadingScreen.swift */,
				A7D390921E4B47E900EDB111 /* Log.swift */,
				A750CE361E55DD9B00852E6A /* MatchFinder.swift */,
				A777FA821E50758A003E62D7 /* MenuButton.swift */,
				A7D3908C1E4B2AE300EDB111 /* MenuScreen.swift */,
				A718374D1E499FB8002AEBF5 /* NumbersField.swift */,
				A7363A341E55896D00B7C732 /* NumbersPathFinder.swift */,
				A77DE6FC1E48D8D500E9214A /* PlayScreen.swift */,
				A787134E1E5D6FDC002DEF76 /* RestartScreen.swift */,
				A787134A1E5CA743002DEF76 /* Secrets.swift */,
				A77DE6F81E48D75200E9214A /* TenPair.swift */,
				A78D56911E5B362F002957DC /* Theme.swift */,
				A7ECCB7F1E4E275E001ADB51 /* Tile.swift */,
				A7EADCF81F9D1D47007BA0E8 /* TopMenuBackground.swift */,
				A77DE7081E48E29100E9214A /* TopMenuBar.swift */,
				A78D568B1E5AF01A002957DC /* WinScreen.swift */,
			);
			path = Shared;
			sourceTree = "<group>";
		};
		A71A97421E48CCA4005E134F /* Products */ = {
			isa = PBXGroup;
			children = (
				A71A97411E48CCA4005E134F /* TenPair.app */,
				A71A97531E48CCA4005E134F /* TenPair.app */,
			);
			name = Products;
			sourceTree = "<group>";
		};
		A71A97431E48CCA4005E134F /* iOS */ = {
			isa = PBXGroup;
			children = (
				A7EE33B8243B741A004CF496 /* Extensions */,
				A79F0B081FA38B8D00FE21F6 /* AdLoadingViewController.swift */,
				A7B12C261E543355007D7807 /* Aliases.swift */,
				A71A97441E48CCA4005E134F /* AppDelegate.swift */,
				A7B12C1F1E535B67007D7807 /* Constants.swift */,
				A78FA2F21E5C16FE002DB0AF /* FeedbackService.swift */,
				A71A97461E48CCA4005E134F /* GameViewController.swift */,
				A71A974E1E48CCA4005E134F /* Info.plist */,
				A748DC3A1E57375800F16F92 /* LaunchView.xib */,
				A71A97481E48CCA4005E134F /* Main.storyboard */,
				A78D56741E5AE33B002957DC /* Supporting files */,
				A78FA2EC1E5C145C002DB0AF /* TenPair.entitlements */,
				A7B12C2C1E5439AA007D7807 /* Tile+Extensions.swift */,
			);
			path = iOS;
			sourceTree = "<group>";
		};
		A71A97541E48CCA4005E134F /* macOS */ = {
			isa = PBXGroup;
			children = (
				A7D5BA4F1E5DE61B003333A9 /* TenPair.entitlements */,
				A78713451E5C8B2C002DEF76 /* AdsCoordinator.swift */,
				A7B12C281E543379007D7807 /* Aliases.swift */,
				A71A97551E48CCA4005E134F /* AppDelegate.swift */,
				A7B12C211E535B72007D7807 /* Constants.swift */,
				A787133D1E5C2BC3002DEF76 /* FeedbackService.swift */,
				A71A975C1E48CCA4005E134F /* Info.plist */,
				A7D390821E4B0ADB00EDB111 /* MainMenu.xib */,
				A78D567A1E5AE413002957DC /* Supporting files */,
				A7B12C2E1E543A10007D7807 /* Tile+Extensions.swift */,
			);
			path = macOS;
			sourceTree = "<group>";
		};
		A777FA851E50CC76003E62D7 /* en.lproj */ = {
			isa = PBXGroup;
			children = (
				A777FA861E50CC76003E62D7 /* InfoPlist.strings */,
				A777FA881E50CC76003E62D7 /* Localizable.strings */,
			);
			path = en.lproj;
			sourceTree = "<group>";
		};
		A78D56741E5AE33B002957DC /* Supporting files */ = {
			isa = PBXGroup;
			children = (
				A78D56801E5AE54B002957DC /* Crashlytics.framework */,
				A78D56811E5AE54B002957DC /* Fabric.framework */,
			);
			name = "Supporting files";
			sourceTree = "<group>";
		};
		A78D567A1E5AE413002957DC /* Supporting files */ = {
			isa = PBXGroup;
			children = (
				A78D56841E5AE55E002957DC /* Crashlytics.framework */,
				A78D56851E5AE55E002957DC /* Fabric.framework */,
			);
			name = "Supporting files";
			sourceTree = "<group>";
		};
		A7EE33B8243B741A004CF496 /* Extensions */ = {
			isa = PBXGroup;
			children = (
				A7EE33B9243B7424004CF496 /* UIView+Extensions.swift */,
			);
			path = Extensions;
			sourceTree = "<group>";
		};
/* End PBXGroup section */

/* Begin PBXNativeTarget section */
		A71A97401E48CCA4005E134F /* iOS */ = {
			isa = PBXNativeTarget;
			buildConfigurationList = A71A97671E48CCA4005E134F /* Build configuration list for PBXNativeTarget "iOS" */;
			buildPhases = (
				863D00F969837ECFB965A493 /* [CP] Check Pods Manifest.lock */,
				A777FA8C1E50CD9D003E62D7 /* Check localization */,
				A71A973D1E48CCA4005E134F /* Sources */,
				A71A973E1E48CCA4005E134F /* Frameworks */,
				A71A973F1E48CCA4005E134F /* Resources */,
				FC65018DCB3FFEB2D42F2F78 /* [CP] Embed Pods Frameworks */,
				A78D56791E5AE35F002957DC /* Crashlytics */,
			);
			buildRules = (
			);
			dependencies = (
			);
			name = iOS;
			productName = iOS;
			productReference = A71A97411E48CCA4005E134F /* TenPair.app */;
			productType = "com.apple.product-type.application";
		};
		A71A97521E48CCA4005E134F /* macOS */ = {
			isa = PBXNativeTarget;
			buildConfigurationList = A71A976A1E48CCA4005E134F /* Build configuration list for PBXNativeTarget "macOS" */;
			buildPhases = (
				A6827684752904084704F32F /* [CP] Check Pods Manifest.lock */,
				A71A974F1E48CCA4005E134F /* Sources */,
				A71A97501E48CCA4005E134F /* Frameworks */,
				A71A97511E48CCA4005E134F /* Resources */,
				C3B1ABDF78FFD3A6AA92CEDF /* [CP] Embed Pods Frameworks */,
				A78D567F1E5AE476002957DC /* Crashlytics */,
			);
			buildRules = (
			);
			dependencies = (
			);
			name = macOS;
			productName = macOS;
			productReference = A71A97531E48CCA4005E134F /* TenPair.app */;
			productType = "com.apple.product-type.application";
		};
/* End PBXNativeTarget section */

/* Begin PBXProject section */
		A71A97341E48CCA4005E134F /* Project object */ = {
			isa = PBXProject;
			attributes = {
				LastSwiftUpdateCheck = 0830;
				LastUpgradeCheck = 1140;
				ORGANIZATIONNAME = "Coodly LLC";
				TargetAttributes = {
					A71A97401E48CCA4005E134F = {
						CreatedOnToolsVersion = 8.3;
						DevelopmentTeam = 5T8DRBFCBP;
						LastSwiftMigration = 1140;
						ProvisioningStyle = Automatic;
						SystemCapabilities = {
							com.apple.Push = {
								enabled = 1;
							};
							com.apple.iCloud = {
								enabled = 1;
							};
						};
					};
					A71A97521E48CCA4005E134F = {
						CreatedOnToolsVersion = 8.3;
						DevelopmentTeam = 5T8DRBFCBP;
						LastSwiftMigration = 1140;
						ProvisioningStyle = Automatic;
						SystemCapabilities = {
							com.apple.Push = {
								enabled = 0;
							};
							com.apple.Sandbox = {
								enabled = 1;
							};
							com.apple.iCloud = {
								enabled = 0;
							};
						};
					};
				};
			};
			buildConfigurationList = A71A97371E48CCA4005E134F /* Build configuration list for PBXProject "TenPair" */;
			compatibilityVersion = "Xcode 3.2";
			developmentRegion = en;
			hasScannedForEncodings = 0;
			knownRegions = (
				en,
				Base,
			);
			mainGroup = A71A97331E48CCA4005E134F;
			productRefGroup = A71A97421E48CCA4005E134F /* Products */;
			projectDirPath = "";
			projectRoot = "";
			targets = (
				A71A97401E48CCA4005E134F /* iOS */,
				A71A97521E48CCA4005E134F /* macOS */,
			);
		};
/* End PBXProject section */

/* Begin PBXResourcesBuildPhase section */
		A71A973F1E48CCA4005E134F /* Resources */ = {
			isa = PBXResourcesBuildPhase;
			buildActionMask = 2147483647;
			files = (
				A777FA8B1E50CC76003E62D7 /* Localizable.strings in Resources */,
				A78D568F1E5AF095002957DC /* Confetti.sks in Resources */,
				A71A974A1E48CCA4005E134F /* Main.storyboard in Resources */,
				A748DC3B1E57375800F16F92 /* LaunchView.xib in Resources */,
				A777FA8A1E50CC76003E62D7 /* InfoPlist.strings in Resources */,
				A71A97631E48CCA4005E134F /* Assets.xcassets in Resources */,
			);
			runOnlyForDeploymentPostprocessing = 0;
		};
		A71A97511E48CCA4005E134F /* Resources */ = {
			isa = PBXResourcesBuildPhase;
			buildActionMask = 2147483647;
			files = (
				A71A97641E48CCA4005E134F /* Assets.xcassets in Resources */,
				A7B12C1B1E53123D007D7807 /* Localizable.strings in Resources */,
				A7B12C1A1E53123D007D7807 /* InfoPlist.strings in Resources */,
				A78D56901E5AF095002957DC /* Confetti.sks in Resources */,
				A7D390831E4B0ADB00EDB111 /* MainMenu.xib in Resources */,
			);
			runOnlyForDeploymentPostprocessing = 0;
		};
/* End PBXResourcesBuildPhase section */

/* Begin PBXShellScriptBuildPhase section */
		863D00F969837ECFB965A493 /* [CP] Check Pods Manifest.lock */ = {
			isa = PBXShellScriptBuildPhase;
			buildActionMask = 2147483647;
			files = (
			);
			inputPaths = (
				"${PODS_PODFILE_DIR_PATH}/Podfile.lock",
				"${PODS_ROOT}/Manifest.lock",
			);
			name = "[CP] Check Pods Manifest.lock";
			outputPaths = (
				"$(DERIVED_FILE_DIR)/Pods-iOS-checkManifestLockResult.txt",
			);
			runOnlyForDeploymentPostprocessing = 0;
			shellPath = /bin/sh;
			shellScript = "diff \"${PODS_PODFILE_DIR_PATH}/Podfile.lock\" \"${PODS_ROOT}/Manifest.lock\" > /dev/null\nif [ $? != 0 ] ; then\n    # print error to STDERR\n    echo \"error: The sandbox is not in sync with the Podfile.lock. Run 'pod install' or update your CocoaPods installation.\" >&2\n    exit 1\nfi\n# This output is used by Xcode 'outputs' to avoid re-running this script phase.\necho \"SUCCESS\" > \"${SCRIPT_OUTPUT_FILE_0}\"\n";
			showEnvVarsInLog = 0;
		};
		A6827684752904084704F32F /* [CP] Check Pods Manifest.lock */ = {
			isa = PBXShellScriptBuildPhase;
			buildActionMask = 2147483647;
			files = (
			);
			inputPaths = (
				"${PODS_PODFILE_DIR_PATH}/Podfile.lock",
				"${PODS_ROOT}/Manifest.lock",
			);
			name = "[CP] Check Pods Manifest.lock";
			outputPaths = (
				"$(DERIVED_FILE_DIR)/Pods-macOS-checkManifestLockResult.txt",
			);
			runOnlyForDeploymentPostprocessing = 0;
			shellPath = /bin/sh;
			shellScript = "diff \"${PODS_PODFILE_DIR_PATH}/Podfile.lock\" \"${PODS_ROOT}/Manifest.lock\" > /dev/null\nif [ $? != 0 ] ; then\n    # print error to STDERR\n    echo \"error: The sandbox is not in sync with the Podfile.lock. Run 'pod install' or update your CocoaPods installation.\" >&2\n    exit 1\nfi\n# This output is used by Xcode 'outputs' to avoid re-running this script phase.\necho \"SUCCESS\" > \"${SCRIPT_OUTPUT_FILE_0}\"\n";
			showEnvVarsInLog = 0;
		};
		A777FA8C1E50CD9D003E62D7 /* Check localization */ = {
			isa = PBXShellScriptBuildPhase;
			buildActionMask = 2147483647;
			files = (
			);
			inputPaths = (
			);
			name = "Check localization";
			outputPaths = (
			);
			runOnlyForDeploymentPostprocessing = 0;
			shellPath = /bin/sh;
			shellScript = "#/usr/bin/env xcrun --sdk macosx swift scripts/CheckLocalization.swift Shared/\nruby scripts/check_localizable.rb Shared\n";
		};
		A78D56791E5AE35F002957DC /* Crashlytics */ = {
			isa = PBXShellScriptBuildPhase;
			buildActionMask = 2147483647;
			files = (
			);
			inputPaths = (
			);
			name = Crashlytics;
			outputPaths = (
			);
			runOnlyForDeploymentPostprocessing = 0;
			shellPath = /bin/sh;
			shellScript = "\"./iOSFrameworks/Fabric.framework/run\" 1498b1e841189deded0a8957a47057c88a75503b 84939d122fb533ac07e3e9b3d0fb8601e68f89a868e9f5889891d1a6684b0d72";
		};
		A78D567F1E5AE476002957DC /* Crashlytics */ = {
			isa = PBXShellScriptBuildPhase;
			buildActionMask = 2147483647;
			files = (
			);
			inputPaths = (
			);
			name = Crashlytics;
			outputPaths = (
			);
			runOnlyForDeploymentPostprocessing = 0;
			shellPath = /bin/sh;
			shellScript = "./macOSFrameworks/Fabric.framework/run 1498b1e841189deded0a8957a47057c88a75503b 84939d122fb533ac07e3e9b3d0fb8601e68f89a868e9f5889891d1a6684b0d72";
		};
		C3B1ABDF78FFD3A6AA92CEDF /* [CP] Embed Pods Frameworks */ = {
			isa = PBXShellScriptBuildPhase;
			buildActionMask = 2147483647;
			files = (
			);
			inputPaths = (
				"${PODS_ROOT}/Target Support Files/Pods-macOS/Pods-macOS-frameworks.sh",
				"${BUILT_PRODUCTS_DIR}/SWLogger-macOS/SWLogger.framework",
				"${BUILT_PRODUCTS_DIR}/SpriteKitUI-Core-macOS/SpriteKitUI.framework",
			);
			name = "[CP] Embed Pods Frameworks";
			outputPaths = (
				"${TARGET_BUILD_DIR}/${FRAMEWORKS_FOLDER_PATH}/SWLogger.framework",
				"${TARGET_BUILD_DIR}/${FRAMEWORKS_FOLDER_PATH}/SpriteKitUI.framework",
			);
			runOnlyForDeploymentPostprocessing = 0;
			shellPath = /bin/sh;
			shellScript = "\"${PODS_ROOT}/Target Support Files/Pods-macOS/Pods-macOS-frameworks.sh\"\n";
			showEnvVarsInLog = 0;
		};
		FC65018DCB3FFEB2D42F2F78 /* [CP] Embed Pods Frameworks */ = {
			isa = PBXShellScriptBuildPhase;
			buildActionMask = 2147483647;
			files = (
			);
			inputPaths = (
				"${PODS_ROOT}/Target Support Files/Pods-iOS/Pods-iOS-frameworks.sh",
				"${BUILT_PRODUCTS_DIR}/CloudFeedback/CloudFeedback.framework",
				"${BUILT_PRODUCTS_DIR}/CoreDataPersistence/CoreDataPersistence.framework",
				"${BUILT_PRODUCTS_DIR}/GoogleUtilities/GoogleUtilities.framework",
				"${BUILT_PRODUCTS_DIR}/Locksmith/Locksmith.framework",
				"${BUILT_PRODUCTS_DIR}/PromisesObjC/FBLPromises.framework",
				"${BUILT_PRODUCTS_DIR}/Puff/Puff.framework",
				"${BUILT_PRODUCTS_DIR}/SWLogger-iOS/SWLogger.framework",
				"${BUILT_PRODUCTS_DIR}/SpriteKitUI-Core-iOS/SpriteKitUI.framework",
				"${BUILT_PRODUCTS_DIR}/nanopb/nanopb.framework",
			);
			name = "[CP] Embed Pods Frameworks";
			outputPaths = (
				"${TARGET_BUILD_DIR}/${FRAMEWORKS_FOLDER_PATH}/CloudFeedback.framework",
				"${TARGET_BUILD_DIR}/${FRAMEWORKS_FOLDER_PATH}/CoreDataPersistence.framework",
				"${TARGET_BUILD_DIR}/${FRAMEWORKS_FOLDER_PATH}/GoogleUtilities.framework",
				"${TARGET_BUILD_DIR}/${FRAMEWORKS_FOLDER_PATH}/Locksmith.framework",
				"${TARGET_BUILD_DIR}/${FRAMEWORKS_FOLDER_PATH}/FBLPromises.framework",
				"${TARGET_BUILD_DIR}/${FRAMEWORKS_FOLDER_PATH}/Puff.framework",
				"${TARGET_BUILD_DIR}/${FRAMEWORKS_FOLDER_PATH}/SWLogger.framework",
				"${TARGET_BUILD_DIR}/${FRAMEWORKS_FOLDER_PATH}/SpriteKitUI.framework",
				"${TARGET_BUILD_DIR}/${FRAMEWORKS_FOLDER_PATH}/nanopb.framework",
			);
			runOnlyForDeploymentPostprocessing = 0;
			shellPath = /bin/sh;
			shellScript = "\"${PODS_ROOT}/Target Support Files/Pods-iOS/Pods-iOS-frameworks.sh\"\n";
			showEnvVarsInLog = 0;
		};
/* End PBXShellScriptBuildPhase section */

/* Begin PBXSourcesBuildPhase section */
		A71A973D1E48CCA4005E134F /* Sources */ = {
			isa = PBXSourcesBuildPhase;
			buildActionMask = 2147483647;
			files = (
				A750CE341E55D7E500852E6A /* ButtonTray.swift in Sources */,
				A7D3908D1E4B2AE300EDB111 /* MenuScreen.swift in Sources */,
				A71A97471E48CCA4005E134F /* GameViewController.swift in Sources */,
				A7D390931E4B47E900EDB111 /* Log.swift in Sources */,
				A71837691E4A0C5F002AEBF5 /* BarButton.swift in Sources */,
				A71A97451E48CCA4005E134F /* AppDelegate.swift in Sources */,
				A78FA2F31E5C16FE002DB0AF /* FeedbackService.swift in Sources */,
				A75570BF1E54552300114ED2 /* LoadingScreen.swift in Sources */,
				A79F0B091FA38B8D00FE21F6 /* AdLoadingViewController.swift in Sources */,
				A750CE371E55DD9B00852E6A /* MatchFinder.swift in Sources */,
				A7B12C271E543355007D7807 /* Aliases.swift in Sources */,
				A77DE7091E48E29100E9214A /* TopMenuBar.swift in Sources */,
				A7B12C1D1E535B18007D7807 /* Config.swift in Sources */,
				A7363A371E5589DB00B7C732 /* EmptyLinesSearch.swift in Sources */,
				A78D56921E5B362F002957DC /* Theme.swift in Sources */,
				A718374E1E499FB8002AEBF5 /* NumbersField.swift in Sources */,
				A7363A3D1E55969600B7C732 /* FieldStatusVIew.swift in Sources */,
				A7B12C2D1E5439AA007D7807 /* Tile+Extensions.swift in Sources */,
				A7D390801E4B049400EDB111 /* FieldSave.swift in Sources */,
				A78D568C1E5AF01A002957DC /* WinScreen.swift in Sources */,
				A78D56721E5AD3F7002957DC /* FieldBackground.swift in Sources */,
				A787134C1E5CA743002DEF76 /* Secrets.swift in Sources */,
				A787134F1E5D6FDC002DEF76 /* RestartScreen.swift in Sources */,
				A777FA831E50758A003E62D7 /* MenuButton.swift in Sources */,
				A7EADCF91F9D1D47007BA0E8 /* TopMenuBackground.swift in Sources */,
				A7363A351E55896D00B7C732 /* NumbersPathFinder.swift in Sources */,
				A77DE6F91E48D75200E9214A /* TenPair.swift in Sources */,
				A7B12C201E535B67007D7807 /* Constants.swift in Sources */,
				A7EE33BA243B7424004CF496 /* UIView+Extensions.swift in Sources */,
				A7ECCB801E4E275E001ADB51 /* Tile.swift in Sources */,
				A77DE6FD1E48D8D500E9214A /* PlayScreen.swift in Sources */,
			);
			runOnlyForDeploymentPostprocessing = 0;
		};
		A71A974F1E48CCA4005E134F /* Sources */ = {
			isa = PBXSourcesBuildPhase;
			buildActionMask = 2147483647;
			files = (
				A71A97561E48CCA4005E134F /* AppDelegate.swift in Sources */,
				A78D56731E5AD40D002957DC /* FieldBackground.swift in Sources */,
				A7ED7FCF1F9E5165005AE9C9 /* TopMenuBackground.swift in Sources */,
				A7363A3A1E558EDF00B7C732 /* EmptyLinesSearch.swift in Sources */,
				A78D56931E5B362F002957DC /* Theme.swift in Sources */,
				A7B12C221E535B72007D7807 /* Constants.swift in Sources */,
				A7D3908E1E4B2AE300EDB111 /* MenuScreen.swift in Sources */,
				A7B12C291E543379007D7807 /* Aliases.swift in Sources */,
				A7B12C231E542917007D7807 /* Tile.swift in Sources */,
				A7363A3B1E558EED00B7C732 /* NumbersPathFinder.swift in Sources */,
				A75570C01E54552300114ED2 /* LoadingScreen.swift in Sources */,
				A77DE70E1E48E8C800E9214A /* TopMenuBar.swift in Sources */,
				A787134D1E5CA74F002DEF76 /* Secrets.swift in Sources */,
				A718374F1E499FB8002AEBF5 /* NumbersField.swift in Sources */,
				A7B12C2F1E543A10007D7807 /* Tile+Extensions.swift in Sources */,
				A78D568D1E5AF01A002957DC /* WinScreen.swift in Sources */,
				A787133E1E5C2BC3002DEF76 /* FeedbackService.swift in Sources */,
				A77DE70C1E48E8AF00E9214A /* TenPair.swift in Sources */,
				A777FA841E50758A003E62D7 /* MenuButton.swift in Sources */,
				A750CE381E55DD9B00852E6A /* MatchFinder.swift in Sources */,
				A7D390811E4B049400EDB111 /* FieldSave.swift in Sources */,
				A78713461E5C8B2C002DEF76 /* AdsCoordinator.swift in Sources */,
				A750CE351E55D7E500852E6A /* ButtonTray.swift in Sources */,
				A7B12C1E1E535B18007D7807 /* Config.swift in Sources */,
				A750CE321E55AAB300852E6A /* FieldStatusVIew.swift in Sources */,
				A7D390941E4B47E900EDB111 /* Log.swift in Sources */,
				A77DE70D1E48E8C000E9214A /* PlayScreen.swift in Sources */,
				A78713501E5D6FDC002DEF76 /* RestartScreen.swift in Sources */,
			);
			runOnlyForDeploymentPostprocessing = 0;
		};
/* End PBXSourcesBuildPhase section */

/* Begin PBXVariantGroup section */
		A71A97481E48CCA4005E134F /* Main.storyboard */ = {
			isa = PBXVariantGroup;
			children = (
				A71A97491E48CCA4005E134F /* Base */,
			);
			name = Main.storyboard;
			sourceTree = "<group>";
		};
		A777FA861E50CC76003E62D7 /* InfoPlist.strings */ = {
			isa = PBXVariantGroup;
			children = (
				A777FA871E50CC76003E62D7 /* en */,
			);
			name = InfoPlist.strings;
			sourceTree = "<group>";
		};
		A777FA881E50CC76003E62D7 /* Localizable.strings */ = {
			isa = PBXVariantGroup;
			children = (
				A777FA891E50CC76003E62D7 /* en */,
			);
			name = Localizable.strings;
			sourceTree = "<group>";
		};
/* End PBXVariantGroup section */

/* Begin XCBuildConfiguration section */
		A71A97651E48CCA4005E134F /* Debug */ = {
			isa = XCBuildConfiguration;
			buildSettings = {
				ALWAYS_SEARCH_USER_PATHS = NO;
				CLANG_ANALYZER_LOCALIZABILITY_NONLOCALIZED = YES;
				CLANG_ANALYZER_NONNULL = YES;
				CLANG_ANALYZER_NUMBER_OBJECT_CONVERSION = YES_AGGRESSIVE;
				CLANG_CXX_LANGUAGE_STANDARD = "gnu++0x";
				CLANG_CXX_LIBRARY = "libc++";
				CLANG_ENABLE_MODULES = YES;
				CLANG_ENABLE_OBJC_ARC = YES;
				CLANG_WARN_BLOCK_CAPTURE_AUTORELEASING = YES;
				CLANG_WARN_BOOL_CONVERSION = YES;
				CLANG_WARN_COMMA = YES;
				CLANG_WARN_CONSTANT_CONVERSION = YES;
				CLANG_WARN_DEPRECATED_OBJC_IMPLEMENTATIONS = YES;
				CLANG_WARN_DIRECT_OBJC_ISA_USAGE = YES_ERROR;
				CLANG_WARN_DOCUMENTATION_COMMENTS = YES;
				CLANG_WARN_EMPTY_BODY = YES;
				CLANG_WARN_ENUM_CONVERSION = YES;
				CLANG_WARN_INFINITE_RECURSION = YES;
				CLANG_WARN_INT_CONVERSION = YES;
				CLANG_WARN_NON_LITERAL_NULL_CONVERSION = YES;
				CLANG_WARN_OBJC_IMPLICIT_RETAIN_SELF = YES;
				CLANG_WARN_OBJC_LITERAL_CONVERSION = YES;
				CLANG_WARN_OBJC_ROOT_CLASS = YES_ERROR;
				CLANG_WARN_RANGE_LOOP_ANALYSIS = YES;
				CLANG_WARN_STRICT_PROTOTYPES = YES;
				CLANG_WARN_SUSPICIOUS_MOVE = YES;
				CLANG_WARN_UNREACHABLE_CODE = YES;
				CLANG_WARN__DUPLICATE_METHOD_MATCH = YES;
				COPY_PHASE_STRIP = NO;
				DEBUG_INFORMATION_FORMAT = dwarf;
				ENABLE_STRICT_OBJC_MSGSEND = YES;
				ENABLE_TESTABILITY = YES;
				GCC_C_LANGUAGE_STANDARD = gnu99;
				GCC_DYNAMIC_NO_PIC = NO;
				GCC_NO_COMMON_BLOCKS = YES;
				GCC_OPTIMIZATION_LEVEL = 0;
				GCC_PREPROCESSOR_DEFINITIONS = (
					"DEBUG=1",
					"$(inherited)",
				);
				GCC_WARN_64_TO_32_BIT_CONVERSION = YES;
				GCC_WARN_ABOUT_RETURN_TYPE = YES_ERROR;
				GCC_WARN_UNDECLARED_SELECTOR = YES;
				GCC_WARN_UNINITIALIZED_AUTOS = YES_AGGRESSIVE;
				GCC_WARN_UNUSED_FUNCTION = YES;
				GCC_WARN_UNUSED_VARIABLE = YES;
				IPHONEOS_DEPLOYMENT_TARGET = 10.3;
				MACOSX_DEPLOYMENT_TARGET = 10.11;
				MTL_ENABLE_DEBUG_INFO = YES;
				ONLY_ACTIVE_ARCH = YES;
				SWIFT_ACTIVE_COMPILATION_CONDITIONS = DEBUG;
				SWIFT_OPTIMIZATION_LEVEL = "-Onone";
			};
			name = Debug;
		};
		A71A97661E48CCA4005E134F /* Release */ = {
			isa = XCBuildConfiguration;
			buildSettings = {
				ALWAYS_SEARCH_USER_PATHS = NO;
				CLANG_ANALYZER_LOCALIZABILITY_NONLOCALIZED = YES;
				CLANG_ANALYZER_NONNULL = YES;
				CLANG_ANALYZER_NUMBER_OBJECT_CONVERSION = YES_AGGRESSIVE;
				CLANG_CXX_LANGUAGE_STANDARD = "gnu++0x";
				CLANG_CXX_LIBRARY = "libc++";
				CLANG_ENABLE_MODULES = YES;
				CLANG_ENABLE_OBJC_ARC = YES;
				CLANG_WARN_BLOCK_CAPTURE_AUTORELEASING = YES;
				CLANG_WARN_BOOL_CONVERSION = YES;
				CLANG_WARN_COMMA = YES;
				CLANG_WARN_CONSTANT_CONVERSION = YES;
				CLANG_WARN_DEPRECATED_OBJC_IMPLEMENTATIONS = YES;
				CLANG_WARN_DIRECT_OBJC_ISA_USAGE = YES_ERROR;
				CLANG_WARN_DOCUMENTATION_COMMENTS = YES;
				CLANG_WARN_EMPTY_BODY = YES;
				CLANG_WARN_ENUM_CONVERSION = YES;
				CLANG_WARN_INFINITE_RECURSION = YES;
				CLANG_WARN_INT_CONVERSION = YES;
				CLANG_WARN_NON_LITERAL_NULL_CONVERSION = YES;
				CLANG_WARN_OBJC_IMPLICIT_RETAIN_SELF = YES;
				CLANG_WARN_OBJC_LITERAL_CONVERSION = YES;
				CLANG_WARN_OBJC_ROOT_CLASS = YES_ERROR;
				CLANG_WARN_RANGE_LOOP_ANALYSIS = YES;
				CLANG_WARN_STRICT_PROTOTYPES = YES;
				CLANG_WARN_SUSPICIOUS_MOVE = YES;
				CLANG_WARN_UNREACHABLE_CODE = YES;
				CLANG_WARN__DUPLICATE_METHOD_MATCH = YES;
				COPY_PHASE_STRIP = NO;
				DEBUG_INFORMATION_FORMAT = "dwarf-with-dsym";
				ENABLE_NS_ASSERTIONS = NO;
				ENABLE_STRICT_OBJC_MSGSEND = YES;
				GCC_C_LANGUAGE_STANDARD = gnu99;
				GCC_NO_COMMON_BLOCKS = YES;
				GCC_WARN_64_TO_32_BIT_CONVERSION = YES;
				GCC_WARN_ABOUT_RETURN_TYPE = YES_ERROR;
				GCC_WARN_UNDECLARED_SELECTOR = YES;
				GCC_WARN_UNINITIALIZED_AUTOS = YES_AGGRESSIVE;
				GCC_WARN_UNUSED_FUNCTION = YES;
				GCC_WARN_UNUSED_VARIABLE = YES;
				IPHONEOS_DEPLOYMENT_TARGET = 10.3;
				MACOSX_DEPLOYMENT_TARGET = 10.11;
				MTL_ENABLE_DEBUG_INFO = NO;
				SWIFT_OPTIMIZATION_LEVEL = "-Owholemodule";
			};
			name = Release;
		};
		A71A97681E48CCA4005E134F /* Debug */ = {
			isa = XCBuildConfiguration;
			baseConfigurationReference = 0F87E684DF6C56BE4744A9CA /* Pods-iOS.debug.xcconfig */;
			buildSettings = {
				ASSETCATALOG_COMPILER_APPICON_NAME = AppIcon;
				CODE_SIGN_ENTITLEMENTS = iOS/TenPair.entitlements;
				"CODE_SIGN_IDENTITY[sdk=iphoneos*]" = "iPhone Developer";
				DEVELOPMENT_TEAM = 5T8DRBFCBP;
				FRAMEWORK_SEARCH_PATHS = (
					"$(inherited)",
					"$(PROJECT_DIR)/iOS",
					"$(PROJECT_DIR)/iOSFrameworks",
				);
				INFOPLIST_FILE = iOS/Info.plist;
				IPHONEOS_DEPLOYMENT_TARGET = 10.3;
				LD_RUNPATH_SEARCH_PATHS = "$(inherited) @executable_path/Frameworks";
				PRODUCT_BUNDLE_IDENTIFIER = com.coodly.numbrn;
				PRODUCT_NAME = TenPair;
				SDKROOT = iphoneos;
				SWIFT_SWIFT3_OBJC_INFERENCE = Default;
				SWIFT_VERSION = 5.0;
				TARGETED_DEVICE_FAMILY = "1,2";
				WARNING_CFLAGS = "";
			};
			name = Debug;
		};
		A71A97691E48CCA4005E134F /* Release */ = {
			isa = XCBuildConfiguration;
			baseConfigurationReference = CDBD234CA436EF092F3D679F /* Pods-iOS.release.xcconfig */;
			buildSettings = {
				ASSETCATALOG_COMPILER_APPICON_NAME = AppIcon;
				CODE_SIGN_ENTITLEMENTS = iOS/TenPair.entitlements;
				"CODE_SIGN_IDENTITY[sdk=iphoneos*]" = "iPhone Developer";
				DEVELOPMENT_TEAM = 5T8DRBFCBP;
				FRAMEWORK_SEARCH_PATHS = (
					"$(inherited)",
					"$(PROJECT_DIR)/iOS",
					"$(PROJECT_DIR)/iOSFrameworks",
				);
				INFOPLIST_FILE = iOS/Info.plist;
				IPHONEOS_DEPLOYMENT_TARGET = 10.3;
				LD_RUNPATH_SEARCH_PATHS = "$(inherited) @executable_path/Frameworks";
				PRODUCT_BUNDLE_IDENTIFIER = com.coodly.numbrn;
				PRODUCT_NAME = TenPair;
				SDKROOT = iphoneos;
				SWIFT_SWIFT3_OBJC_INFERENCE = Default;
				SWIFT_VERSION = 5.0;
				TARGETED_DEVICE_FAMILY = "1,2";
				VALIDATE_PRODUCT = YES;
				WARNING_CFLAGS = "";
			};
			name = Release;
		};
		A71A976B1E48CCA4005E134F /* Debug */ = {
			isa = XCBuildConfiguration;
			baseConfigurationReference = D734C99D56200ECE40196FB7 /* Pods-macOS.debug.xcconfig */;
			buildSettings = {
				ASSETCATALOG_COMPILER_APPICON_NAME = AppIcon;
				CODE_SIGN_ENTITLEMENTS = macOS/TenPair.entitlements;
				CODE_SIGN_IDENTITY = "Mac Developer";
				COMBINE_HIDPI_IMAGES = YES;
				DEVELOPMENT_TEAM = 5T8DRBFCBP;
				ENABLE_HARDENED_RUNTIME = YES;
				FRAMEWORK_SEARCH_PATHS = (
					"$(inherited)",
					"$(PROJECT_DIR)/macOS",
					"$(PROJECT_DIR)/macOSFrameworks",
				);
				INFOPLIST_FILE = macOS/Info.plist;
				LD_RUNPATH_SEARCH_PATHS = "$(inherited) @executable_path/../Frameworks";
				MACOSX_DEPLOYMENT_TARGET = 10.12;
				PRODUCT_BUNDLE_IDENTIFIER = com.coodly.tenpair;
				PRODUCT_NAME = TenPair;
				SDKROOT = macosx;
				SWIFT_SWIFT3_OBJC_INFERENCE = Default;
				SWIFT_VERSION = 5.0;
			};
			name = Debug;
		};
		A71A976C1E48CCA4005E134F /* Release */ = {
			isa = XCBuildConfiguration;
			baseConfigurationReference = FFB053744AB774B5ADBDE43B /* Pods-macOS.release.xcconfig */;
			buildSettings = {
				ASSETCATALOG_COMPILER_APPICON_NAME = AppIcon;
				CODE_SIGN_ENTITLEMENTS = macOS/TenPair.entitlements;
				CODE_SIGN_IDENTITY = "Mac Developer";
				COMBINE_HIDPI_IMAGES = YES;
				DEVELOPMENT_TEAM = 5T8DRBFCBP;
				ENABLE_HARDENED_RUNTIME = YES;
				FRAMEWORK_SEARCH_PATHS = (
					"$(inherited)",
					"$(PROJECT_DIR)/macOS",
					"$(PROJECT_DIR)/macOSFrameworks",
				);
				INFOPLIST_FILE = macOS/Info.plist;
				LD_RUNPATH_SEARCH_PATHS = "$(inherited) @executable_path/../Frameworks";
				MACOSX_DEPLOYMENT_TARGET = 10.12;
				PRODUCT_BUNDLE_IDENTIFIER = com.coodly.tenpair;
				PRODUCT_NAME = TenPair;
				SDKROOT = macosx;
				SWIFT_SWIFT3_OBJC_INFERENCE = Default;
				SWIFT_VERSION = 5.0;
			};
			name = Release;
		};
/* End XCBuildConfiguration section */

/* Begin XCConfigurationList section */
		A71A97371E48CCA4005E134F /* Build configuration list for PBXProject "TenPair" */ = {
			isa = XCConfigurationList;
			buildConfigurations = (
				A71A97651E48CCA4005E134F /* Debug */,
				A71A97661E48CCA4005E134F /* Release */,
			);
			defaultConfigurationIsVisible = 0;
			defaultConfigurationName = Release;
		};
		A71A97671E48CCA4005E134F /* Build configuration list for PBXNativeTarget "iOS" */ = {
			isa = XCConfigurationList;
			buildConfigurations = (
				A71A97681E48CCA4005E134F /* Debug */,
				A71A97691E48CCA4005E134F /* Release */,
			);
			defaultConfigurationIsVisible = 0;
			defaultConfigurationName = Release;
		};
		A71A976A1E48CCA4005E134F /* Build configuration list for PBXNativeTarget "macOS" */ = {
			isa = XCConfigurationList;
			buildConfigurations = (
				A71A976B1E48CCA4005E134F /* Debug */,
				A71A976C1E48CCA4005E134F /* Release */,
			);
			defaultConfigurationIsVisible = 0;
			defaultConfigurationName = Release;
		};
/* End XCConfigurationList section */
	};
	rootObject = A71A97341E48CCA4005E134F /* Project object */;
}
